// !$*UTF8*$!
{
	archiveVersion = 1;
	classes = {
	};
	objectVersion = 56;
	objects = {

/* Begin PBXBuildFile section */
		740A898A2C6E128E00B840D1 /* CustomProgressView.swift in Sources */ = {isa = PBXBuildFile; fileRef = 740A89892C6E128E00B840D1 /* CustomProgressView.swift */; };
		742796BC2C52486B0092414E /* CalendarCellView.swift in Sources */ = {isa = PBXBuildFile; fileRef = 742796BB2C52486B0092414E /* CalendarCellView.swift */; };
		74312F822C4A5C6400988322 /* ActivityIndicator.swift in Sources */ = {isa = PBXBuildFile; fileRef = 74312F812C4A5C6400988322 /* ActivityIndicator.swift */; };
		74312F842C4A70F900988322 /* SprintTimetableView.swift in Sources */ = {isa = PBXBuildFile; fileRef = 74312F832C4A70F900988322 /* SprintTimetableView.swift */; };
		74312F872C4A7A0D00988322 /* DriversChampionshipView.swift in Sources */ = {isa = PBXBuildFile; fileRef = 74312F862C4A7A0D00988322 /* DriversChampionshipView.swift */; };
		745C0CD52C5CEBE4005D7B8F /* TrackScheme.swift in Sources */ = {isa = PBXBuildFile; fileRef = 745C0CD42C5CEBE4005D7B8F /* TrackScheme.swift */; };
		745F5DD22C4E630A00A26CEA /* ConstructorsChampionshipView.swift in Sources */ = {isa = PBXBuildFile; fileRef = 745F5DD12C4E630A00A26CEA /* ConstructorsChampionshipView.swift */; };
		745F5DD42C4E69E800A26CEA /* GoogleService-Info.plist in Resources */ = {isa = PBXBuildFile; fileRef = 745F5DD32C4E69E800A26CEA /* GoogleService-Info.plist */; };
		745F5DD72C4E6A6A00A26CEA /* FirebaseAnalyticsSwift in Frameworks */ = {isa = PBXBuildFile; productRef = 745F5DD62C4E6A6A00A26CEA /* FirebaseAnalyticsSwift */; };
		745F5DD92C4E6A6A00A26CEA /* FirebaseAuth in Frameworks */ = {isa = PBXBuildFile; productRef = 745F5DD82C4E6A6A00A26CEA /* FirebaseAuth */; };
		745F5DDB2C4E6A6A00A26CEA /* FirebaseDatabase in Frameworks */ = {isa = PBXBuildFile; productRef = 745F5DDA2C4E6A6A00A26CEA /* FirebaseDatabase */; };
		745F5DDD2C4E6A6A00A26CEA /* FirebaseDatabaseSwift in Frameworks */ = {isa = PBXBuildFile; productRef = 745F5DDC2C4E6A6A00A26CEA /* FirebaseDatabaseSwift */; };
		745F5DDF2C4E6A6A00A26CEA /* FirebaseFirestore in Frameworks */ = {isa = PBXBuildFile; productRef = 745F5DDE2C4E6A6A00A26CEA /* FirebaseFirestore */; };
		745F5DE12C4E6A6A00A26CEA /* FirebaseFunctions in Frameworks */ = {isa = PBXBuildFile; productRef = 745F5DE02C4E6A6A00A26CEA /* FirebaseFunctions */; };
		745F5DE32C4E6A6A00A26CEA /* FirebaseStorage in Frameworks */ = {isa = PBXBuildFile; productRef = 745F5DE22C4E6A6A00A26CEA /* FirebaseStorage */; };
		745F5DE62C4E6B9300A26CEA /* CloudStorageService.swift in Sources */ = {isa = PBXBuildFile; fileRef = 745F5DE52C4E6B9300A26CEA /* CloudStorageService.swift */; };
		745F5DEA2C4E9E7B00A26CEA /* ImageRepository.swift in Sources */ = {isa = PBXBuildFile; fileRef = 745F5DE92C4E9E7B00A26CEA /* ImageRepository.swift */; };
		745F5DEC2C4E9EAA00A26CEA /* FileManagerService.swift in Sources */ = {isa = PBXBuildFile; fileRef = 745F5DEB2C4E9EAA00A26CEA /* FileManagerService.swift */; };
		745F5DEE2C4EB62C00A26CEA /* CalendarAssembler.swift in Sources */ = {isa = PBXBuildFile; fileRef = 745F5DED2C4EB62C00A26CEA /* CalendarAssembler.swift */; };
		745F5DF02C4EB63500A26CEA /* CalendarViewModel.swift in Sources */ = {isa = PBXBuildFile; fileRef = 745F5DEF2C4EB63500A26CEA /* CalendarViewModel.swift */; };
		745F5DF22C4EB63B00A26CEA /* CalendarView.swift in Sources */ = {isa = PBXBuildFile; fileRef = 745F5DF12C4EB63B00A26CEA /* CalendarView.swift */; };
		745F5DF42C4EB64800A26CEA /* CalendarCoordinator.swift in Sources */ = {isa = PBXBuildFile; fileRef = 745F5DF32C4EB64800A26CEA /* CalendarCoordinator.swift */; };
		74845C402C3FD58400295919 /* UnownedRouter.swift in Sources */ = {isa = PBXBuildFile; fileRef = 74845C3F2C3FD58400295919 /* UnownedRouter.swift */; };
		74845C422C3FD5A800295919 /* Unowned.swift in Sources */ = {isa = PBXBuildFile; fileRef = 74845C412C3FD5A800295919 /* Unowned.swift */; };
		74845C452C3FD5E800295919 /* Destination.swift in Sources */ = {isa = PBXBuildFile; fileRef = 74845C442C3FD5E800295919 /* Destination.swift */; };
		74845C472C3FD60300295919 /* Router.swift in Sources */ = {isa = PBXBuildFile; fileRef = 74845C462C3FD60300295919 /* Router.swift */; };
		74845C492C3FD62400295919 /* ViewControlling.swift in Sources */ = {isa = PBXBuildFile; fileRef = 74845C482C3FD62400295919 /* ViewControlling.swift */; };
		74845C4B2C3FD63B00295919 /* Coordinating.swift in Sources */ = {isa = PBXBuildFile; fileRef = 74845C4A2C3FD63B00295919 /* Coordinating.swift */; };
		74845C4E2C3FD66400295919 /* ReferenceCounting.swift in Sources */ = {isa = PBXBuildFile; fileRef = 74845C4D2C3FD66400295919 /* ReferenceCounting.swift */; };
		74845C512C3FD68700295919 /* ReferenceCounterListening.swift in Sources */ = {isa = PBXBuildFile; fileRef = 74845C502C3FD68700295919 /* ReferenceCounterListening.swift */; };
		74845C532C3FD7BB00295919 /* ReferenceCounter.swift in Sources */ = {isa = PBXBuildFile; fileRef = 74845C522C3FD7BB00295919 /* ReferenceCounter.swift */; };
		74845C552C3FD7D600295919 /* ReferenceOperatable.swift in Sources */ = {isa = PBXBuildFile; fileRef = 74845C542C3FD7D600295919 /* ReferenceOperatable.swift */; };
		74845C572C3FD80C00295919 /* Routing.swift in Sources */ = {isa = PBXBuildFile; fileRef = 74845C562C3FD80C00295919 /* Routing.swift */; };
		74845C592C3FD82700295919 /* DetachedTransitionHandling.swift in Sources */ = {isa = PBXBuildFile; fileRef = 74845C582C3FD82700295919 /* DetachedTransitionHandling.swift */; };
		74845C5B2C3FD84500295919 /* DetachedContext.swift in Sources */ = {isa = PBXBuildFile; fileRef = 74845C5A2C3FD84500295919 /* DetachedContext.swift */; };
		74845C5D2C3FD85D00295919 /* Reason.swift in Sources */ = {isa = PBXBuildFile; fileRef = 74845C5C2C3FD85D00295919 /* Reason.swift */; };
		74845C5F2C3FD89700295919 /* NavigationTransition.swift in Sources */ = {isa = PBXBuildFile; fileRef = 74845C5E2C3FD89700295919 /* NavigationTransition.swift */; };
		74845C622C3FD8BB00295919 /* NavigationType.swift in Sources */ = {isa = PBXBuildFile; fileRef = 74845C612C3FD8BB00295919 /* NavigationType.swift */; };
		74845C642C3FD90900295919 /* RaceViewCoordinator.swift in Sources */ = {isa = PBXBuildFile; fileRef = 74845C632C3FD90900295919 /* RaceViewCoordinator.swift */; };
		74845C662C3FD94800295919 /* NavigationCoordinator.swift in Sources */ = {isa = PBXBuildFile; fileRef = 74845C652C3FD94800295919 /* NavigationCoordinator.swift */; };
		74845C682C3FD95E00295919 /* BaseCoordinator.swift in Sources */ = {isa = PBXBuildFile; fileRef = 74845C672C3FD95E00295919 /* BaseCoordinator.swift */; };
		74845C6B2C3FD98C00295919 /* ModuleDependencyContainer.swift in Sources */ = {isa = PBXBuildFile; fileRef = 74845C6A2C3FD98C00295919 /* ModuleDependencyContainer.swift */; };
		74845C6D2C3FDAC100295919 /* ReferenceCounted.swift in Sources */ = {isa = PBXBuildFile; fileRef = 74845C6C2C3FDAC100295919 /* ReferenceCounted.swift */; };
		74845C6F2C3FDD2A00295919 /* FAppCoordinator.swift in Sources */ = {isa = PBXBuildFile; fileRef = 74845C6E2C3FDD2A00295919 /* FAppCoordinator.swift */; };
		74845C712C3FDD9E00295919 /* RootFlow.swift in Sources */ = {isa = PBXBuildFile; fileRef = 74845C702C3FDD9E00295919 /* RootFlow.swift */; };
		74845C732C3FDDB800295919 /* SharedStore.swift in Sources */ = {isa = PBXBuildFile; fileRef = 74845C722C3FDDB800295919 /* SharedStore.swift */; };
		74845C752C3FDE0F00295919 /* ProxyViewController.swift in Sources */ = {isa = PBXBuildFile; fileRef = 74845C742C3FDE0F00295919 /* ProxyViewController.swift */; };
		74845C772C3FDE2200295919 /* ProxyingViewController.swift in Sources */ = {isa = PBXBuildFile; fileRef = 74845C762C3FDE2200295919 /* ProxyingViewController.swift */; };
		74845C792C3FDE5600295919 /* GlobalDependencyContainer.swift in Sources */ = {isa = PBXBuildFile; fileRef = 74845C782C3FDE5600295919 /* GlobalDependencyContainer.swift */; };
		74845C7F2C3FDF3B00295919 /* AuthenticationCoordinator.swift in Sources */ = {isa = PBXBuildFile; fileRef = 74845C7E2C3FDF3B00295919 /* AuthenticationCoordinator.swift */; };
		74845C812C3FDF6200295919 /* AuthenticationUseCase.swift in Sources */ = {isa = PBXBuildFile; fileRef = 74845C802C3FDF6200295919 /* AuthenticationUseCase.swift */; };
		74845C832C3FE12000295919 /* RootCoordinator.swift in Sources */ = {isa = PBXBuildFile; fileRef = 74845C822C3FE12000295919 /* RootCoordinator.swift */; };
		74845C852C3FE58E00295919 /* TabsCoordinator.swift in Sources */ = {isa = PBXBuildFile; fileRef = 74845C842C3FE58E00295919 /* TabsCoordinator.swift */; };
		74845C882C3FE8A500295919 /* UINavigationController+Proxying.swift in Sources */ = {isa = PBXBuildFile; fileRef = 74845C872C3FE8A500295919 /* UINavigationController+Proxying.swift */; };
		74845C8D2C3FF20700295919 /* ChampionshipViewModel.swift in Sources */ = {isa = PBXBuildFile; fileRef = 74845C8C2C3FF20700295919 /* ChampionshipViewModel.swift */; };
		74845C8F2C3FF20C00295919 /* ChampionshipView.swift in Sources */ = {isa = PBXBuildFile; fileRef = 74845C8E2C3FF20C00295919 /* ChampionshipView.swift */; };
		74845C912C3FF21300295919 /* ChampionshipAssembler.swift in Sources */ = {isa = PBXBuildFile; fileRef = 74845C902C3FF21300295919 /* ChampionshipAssembler.swift */; };
		74845C932C3FF24700295919 /* ChampionshipCoordinator.swift in Sources */ = {isa = PBXBuildFile; fileRef = 74845C922C3FF24700295919 /* ChampionshipCoordinator.swift */; };
		74845C952C3FF37800295919 /* RaceInfoView.swift in Sources */ = {isa = PBXBuildFile; fileRef = 74845C942C3FF37800295919 /* RaceInfoView.swift */; };
		74845C972C3FFA6800295919 /* NetworkManager.swift in Sources */ = {isa = PBXBuildFile; fileRef = 74845C962C3FFA6800295919 /* NetworkManager.swift */; };
		74845C992C3FFD7400295919 /* DependencyWrapper.swift in Sources */ = {isa = PBXBuildFile; fileRef = 74845C982C3FFD7400295919 /* DependencyWrapper.swift */; };
		74861E3C2C49748F00E13493 /* UIImage+Extension.swift in Sources */ = {isa = PBXBuildFile; fileRef = 74861E3B2C49748F00E13493 /* UIImage+Extension.swift */; };
		74861E3E2C49763B00E13493 /* DimmingViewController.swift in Sources */ = {isa = PBXBuildFile; fileRef = 74861E3D2C49763B00E13493 /* DimmingViewController.swift */; };
		74861E402C49768100E13493 /* HostedViewConfiguration.swift in Sources */ = {isa = PBXBuildFile; fileRef = 74861E3F2C49768100E13493 /* HostedViewConfiguration.swift */; };
		74861E422C4976A600E13493 /* CustomHostingViewController.swift in Sources */ = {isa = PBXBuildFile; fileRef = 74861E412C4976A600E13493 /* CustomHostingViewController.swift */; };
		74861E452C49772F00E13493 /* LoadingDimmingViewController.swift in Sources */ = {isa = PBXBuildFile; fileRef = 74861E442C49772F00E13493 /* LoadingDimmingViewController.swift */; };
		74914EE62C1878C5001F62E4 /* RaceViewAssembler.swift in Sources */ = {isa = PBXBuildFile; fileRef = 74914EE52C1878C5001F62E4 /* RaceViewAssembler.swift */; };
		749E18FE2BEA8B5A00BE6555 /* AppDelegate.swift in Sources */ = {isa = PBXBuildFile; fileRef = 749E18FD2BEA8B5A00BE6555 /* AppDelegate.swift */; };
		749E19002BEA8B5A00BE6555 /* SceneDelegate.swift in Sources */ = {isa = PBXBuildFile; fileRef = 749E18FF2BEA8B5A00BE6555 /* SceneDelegate.swift */; };
		749E19072BEA8B5D00BE6555 /* Assets.xcassets in Resources */ = {isa = PBXBuildFile; fileRef = 749E19062BEA8B5D00BE6555 /* Assets.xcassets */; };
		749E190A2BEA8B5D00BE6555 /* Base in Resources */ = {isa = PBXBuildFile; fileRef = 749E19092BEA8B5D00BE6555 /* Base */; };
		749E19132BEA8FD900BE6555 /* AppCoordinator.swift in Sources */ = {isa = PBXBuildFile; fileRef = 749E19122BEA8FD900BE6555 /* AppCoordinator.swift */; };
		749E19152BEA912B00BE6555 /* Coordinator.swift in Sources */ = {isa = PBXBuildFile; fileRef = 749E19142BEA912B00BE6555 /* Coordinator.swift */; };
		749FB1732C47DDF800FCBC8E /* CoreLocation.swift in Sources */ = {isa = PBXBuildFile; fileRef = 749FB1722C47DDF800FCBC8E /* CoreLocation.swift */; };
		749FB1752C47FBDF00FCBC8E /* TimeZoneInfo.swift in Sources */ = {isa = PBXBuildFile; fileRef = 749FB1742C47FBDF00FCBC8E /* TimeZoneInfo.swift */; };
		749FB1772C4818DD00FCBC8E /* Date+Extension.swift in Sources */ = {isa = PBXBuildFile; fileRef = 749FB1762C4818DD00FCBC8E /* Date+Extension.swift */; };
		749FB17F2C4829E000FCBC8E /* Localizable.strings in Resources */ = {isa = PBXBuildFile; fileRef = 749FB17D2C4829E000FCBC8E /* Localizable.strings */; };
		749FB1842C482C1600FCBC8E /* LocalizationHelper.swift in Sources */ = {isa = PBXBuildFile; fileRef = 749FB1832C482C1600FCBC8E /* LocalizationHelper.swift */; };
		74A4408D2C46A5FC00A7E416 /* RaceLocalization.swift in Sources */ = {isa = PBXBuildFile; fileRef = 74A4408C2C46A5FC00A7E416 /* RaceLocalization.swift */; };
		74A4408F2C46AA2600A7E416 /* CustomDivider.swift in Sources */ = {isa = PBXBuildFile; fileRef = 74A4408E2C46AA2600A7E416 /* CustomDivider.swift */; };
		74A440942C46B68400A7E416 /* CountryFlags.swift in Sources */ = {isa = PBXBuildFile; fileRef = 74A440932C46B68400A7E416 /* CountryFlags.swift */; };
		74AEFA572C4BBB1D006B2CF1 /* SegmentButton.swift in Sources */ = {isa = PBXBuildFile; fileRef = 74AEFA562C4BBB1D006B2CF1 /* SegmentButton.swift */; };
		74C9D7CE2C43B2E7008176E0 /* Seasons.swift in Sources */ = {isa = PBXBuildFile; fileRef = 74C9D7CD2C43B2E7008176E0 /* Seasons.swift */; };
		74C9D7D02C43B49D008176E0 /* Race.swift in Sources */ = {isa = PBXBuildFile; fileRef = 74C9D7CF2C43B49D008176E0 /* Race.swift */; };
		74C9D7D22C43C3BB008176E0 /* DateFormatter+Extension.swift in Sources */ = {isa = PBXBuildFile; fileRef = 74C9D7D12C43C3BB008176E0 /* DateFormatter+Extension.swift */; };
		74C9D7D62C43CA25008176E0 /* RaceResults.swift in Sources */ = {isa = PBXBuildFile; fileRef = 74C9D7D52C43CA25008176E0 /* RaceResults.swift */; };
		74C9D7D82C43CA3E008176E0 /* QualifyingResults.swift in Sources */ = {isa = PBXBuildFile; fileRef = 74C9D7D72C43CA3E008176E0 /* QualifyingResults.swift */; };
		74C9D7DA2C43CA5B008176E0 /* Laps.swift in Sources */ = {isa = PBXBuildFile; fileRef = 74C9D7D92C43CA5B008176E0 /* Laps.swift */; };
		74C9D7DC2C43CA6F008176E0 /* Drivers.swift in Sources */ = {isa = PBXBuildFile; fileRef = 74C9D7DB2C43CA6F008176E0 /* Drivers.swift */; };
		74C9D7DE2C43CA7F008176E0 /* DriverStandings.swift in Sources */ = {isa = PBXBuildFile; fileRef = 74C9D7DD2C43CA7F008176E0 /* DriverStandings.swift */; };
		74C9D7E02C43CA8F008176E0 /* Constructors.swift in Sources */ = {isa = PBXBuildFile; fileRef = 74C9D7DF2C43CA8F008176E0 /* Constructors.swift */; };
		74C9D7E22C43CA9D008176E0 /* Circuits.swift in Sources */ = {isa = PBXBuildFile; fileRef = 74C9D7E12C43CA9D008176E0 /* Circuits.swift */; };
		74C9D7E42C43CABA008176E0 /* Decodable+Extension.swift in Sources */ = {isa = PBXBuildFile; fileRef = 74C9D7E32C43CABA008176E0 /* Decodable+Extension.swift */; };
		74C9D7E62C43CAD2008176E0 /* URLSession+Extension.swift in Sources */ = {isa = PBXBuildFile; fileRef = 74C9D7E52C43CAD2008176E0 /* URLSession+Extension.swift */; };
		74C9D7E92C43CB23008176E0 /* APIError.swift in Sources */ = {isa = PBXBuildFile; fileRef = 74C9D7E82C43CB23008176E0 /* APIError.swift */; };
		74C9D7EB2C43CB97008176E0 /* Endpoint.swift in Sources */ = {isa = PBXBuildFile; fileRef = 74C9D7EA2C43CB97008176E0 /* Endpoint.swift */; };
		74C9D7ED2C43CBAE008176E0 /* Path.swift in Sources */ = {isa = PBXBuildFile; fileRef = 74C9D7EC2C43CBAE008176E0 /* Path.swift */; };
		74C9D7EF2C43CBCC008176E0 /* Season.swift in Sources */ = {isa = PBXBuildFile; fileRef = 74C9D7EE2C43CBCC008176E0 /* Season.swift */; };
		74C9D7F12C43CC18008176E0 /* FinishingStatus.swift in Sources */ = {isa = PBXBuildFile; fileRef = 74C9D7F02C43CC18008176E0 /* FinishingStatus.swift */; };
		74C9D7F32C43CC31008176E0 /* PitStops.swift in Sources */ = {isa = PBXBuildFile; fileRef = 74C9D7F22C43CC31008176E0 /* PitStops.swift */; };
		74DBC3702BF7824300C563E4 /* RaceView.swift in Sources */ = {isa = PBXBuildFile; fileRef = 74DBC36F2BF7824300C563E4 /* RaceView.swift */; };
		74DBF2382C10CC9900313693 /* RaceViewModel.swift in Sources */ = {isa = PBXBuildFile; fileRef = 74DBF2372C10CC9900313693 /* RaceViewModel.swift */; };
		74E9BA042C492D2D00040112 /* TimeConverter.swift in Sources */ = {isa = PBXBuildFile; fileRef = 74E9BA032C492D2D00040112 /* TimeConverter.swift */; };
		74EFB65D2BF66A9800EFD8A1 /* Colors.xcassets in Resources */ = {isa = PBXBuildFile; fileRef = 74EFB65C2BF66A9800EFD8A1 /* Colors.xcassets */; };
		74EFB6612BF66B9700EFD8A1 /* UIColor.swift in Sources */ = {isa = PBXBuildFile; fileRef = 74EFB6602BF66B9700EFD8A1 /* UIColor.swift */; };
		74EFB6632BF66C9500EFD8A1 /* UIImage.swift in Sources */ = {isa = PBXBuildFile; fileRef = 74EFB6622BF66C9500EFD8A1 /* UIImage.swift */; };
		74FDC02F2BFF54970009502E /* CountdownView.swift in Sources */ = {isa = PBXBuildFile; fileRef = 74FDC02E2BFF54960009502E /* CountdownView.swift */; };
		74FDC0312BFF5AFA0009502E /* PracticeTimetableView.swift in Sources */ = {isa = PBXBuildFile; fileRef = 74FDC0302BFF5AFA0009502E /* PracticeTimetableView.swift */; };
		74FDC0332BFF69440009502E /* PaddedLabel.swift in Sources */ = {isa = PBXBuildFile; fileRef = 74FDC0322BFF69440009502E /* PaddedLabel.swift */; };
		74FDC0352BFF6D590009502E /* RaceTimetableView.swift in Sources */ = {isa = PBXBuildFile; fileRef = 74FDC0342BFF6D590009502E /* RaceTimetableView.swift */; };
/* End PBXBuildFile section */

/* Begin PBXFileReference section */
		740A89892C6E128E00B840D1 /* CustomProgressView.swift */ = {isa = PBXFileReference; lastKnownFileType = sourcecode.swift; path = CustomProgressView.swift; sourceTree = "<group>"; };
		742796BB2C52486B0092414E /* CalendarCellView.swift */ = {isa = PBXFileReference; lastKnownFileType = sourcecode.swift; path = CalendarCellView.swift; sourceTree = "<group>"; };
		74312F812C4A5C6400988322 /* ActivityIndicator.swift */ = {isa = PBXFileReference; lastKnownFileType = sourcecode.swift; path = ActivityIndicator.swift; sourceTree = "<group>"; };
		74312F832C4A70F900988322 /* SprintTimetableView.swift */ = {isa = PBXFileReference; lastKnownFileType = sourcecode.swift; path = SprintTimetableView.swift; sourceTree = "<group>"; };
		74312F862C4A7A0D00988322 /* DriversChampionshipView.swift */ = {isa = PBXFileReference; lastKnownFileType = sourcecode.swift; path = DriversChampionshipView.swift; sourceTree = "<group>"; };
		745C0CD42C5CEBE4005D7B8F /* TrackScheme.swift */ = {isa = PBXFileReference; lastKnownFileType = sourcecode.swift; path = TrackScheme.swift; sourceTree = "<group>"; };
		745F5DD12C4E630A00A26CEA /* ConstructorsChampionshipView.swift */ = {isa = PBXFileReference; lastKnownFileType = sourcecode.swift; path = ConstructorsChampionshipView.swift; sourceTree = "<group>"; };
		745F5DD32C4E69E800A26CEA /* GoogleService-Info.plist */ = {isa = PBXFileReference; fileEncoding = 4; lastKnownFileType = text.plist.xml; path = "GoogleService-Info.plist"; sourceTree = "<group>"; };
		745F5DE52C4E6B9300A26CEA /* CloudStorageService.swift */ = {isa = PBXFileReference; lastKnownFileType = sourcecode.swift; path = CloudStorageService.swift; sourceTree = "<group>"; };
		745F5DE92C4E9E7B00A26CEA /* ImageRepository.swift */ = {isa = PBXFileReference; lastKnownFileType = sourcecode.swift; path = ImageRepository.swift; sourceTree = "<group>"; };
		745F5DEB2C4E9EAA00A26CEA /* FileManagerService.swift */ = {isa = PBXFileReference; lastKnownFileType = sourcecode.swift; path = FileManagerService.swift; sourceTree = "<group>"; };
		745F5DED2C4EB62C00A26CEA /* CalendarAssembler.swift */ = {isa = PBXFileReference; lastKnownFileType = sourcecode.swift; path = CalendarAssembler.swift; sourceTree = "<group>"; };
		745F5DEF2C4EB63500A26CEA /* CalendarViewModel.swift */ = {isa = PBXFileReference; lastKnownFileType = sourcecode.swift; path = CalendarViewModel.swift; sourceTree = "<group>"; };
		745F5DF12C4EB63B00A26CEA /* CalendarView.swift */ = {isa = PBXFileReference; lastKnownFileType = sourcecode.swift; path = CalendarView.swift; sourceTree = "<group>"; };
		745F5DF32C4EB64800A26CEA /* CalendarCoordinator.swift */ = {isa = PBXFileReference; lastKnownFileType = sourcecode.swift; path = CalendarCoordinator.swift; sourceTree = "<group>"; };
		74845C3F2C3FD58400295919 /* UnownedRouter.swift */ = {isa = PBXFileReference; lastKnownFileType = sourcecode.swift; path = UnownedRouter.swift; sourceTree = "<group>"; };
		74845C412C3FD5A800295919 /* Unowned.swift */ = {isa = PBXFileReference; lastKnownFileType = sourcecode.swift; path = Unowned.swift; sourceTree = "<group>"; };
		74845C442C3FD5E800295919 /* Destination.swift */ = {isa = PBXFileReference; lastKnownFileType = sourcecode.swift; path = Destination.swift; sourceTree = "<group>"; };
		74845C462C3FD60300295919 /* Router.swift */ = {isa = PBXFileReference; lastKnownFileType = sourcecode.swift; path = Router.swift; sourceTree = "<group>"; };
		74845C482C3FD62400295919 /* ViewControlling.swift */ = {isa = PBXFileReference; lastKnownFileType = sourcecode.swift; path = ViewControlling.swift; sourceTree = "<group>"; };
		74845C4A2C3FD63B00295919 /* Coordinating.swift */ = {isa = PBXFileReference; lastKnownFileType = sourcecode.swift; path = Coordinating.swift; sourceTree = "<group>"; };
		74845C4D2C3FD66400295919 /* ReferenceCounting.swift */ = {isa = PBXFileReference; lastKnownFileType = sourcecode.swift; path = ReferenceCounting.swift; sourceTree = "<group>"; };
		74845C502C3FD68700295919 /* ReferenceCounterListening.swift */ = {isa = PBXFileReference; lastKnownFileType = sourcecode.swift; path = ReferenceCounterListening.swift; sourceTree = "<group>"; };
		74845C522C3FD7BB00295919 /* ReferenceCounter.swift */ = {isa = PBXFileReference; lastKnownFileType = sourcecode.swift; path = ReferenceCounter.swift; sourceTree = "<group>"; };
		74845C542C3FD7D600295919 /* ReferenceOperatable.swift */ = {isa = PBXFileReference; lastKnownFileType = sourcecode.swift; path = ReferenceOperatable.swift; sourceTree = "<group>"; };
		74845C562C3FD80C00295919 /* Routing.swift */ = {isa = PBXFileReference; lastKnownFileType = sourcecode.swift; path = Routing.swift; sourceTree = "<group>"; };
		74845C582C3FD82700295919 /* DetachedTransitionHandling.swift */ = {isa = PBXFileReference; lastKnownFileType = sourcecode.swift; path = DetachedTransitionHandling.swift; sourceTree = "<group>"; };
		74845C5A2C3FD84500295919 /* DetachedContext.swift */ = {isa = PBXFileReference; lastKnownFileType = sourcecode.swift; path = DetachedContext.swift; sourceTree = "<group>"; };
		74845C5C2C3FD85D00295919 /* Reason.swift */ = {isa = PBXFileReference; lastKnownFileType = sourcecode.swift; path = Reason.swift; sourceTree = "<group>"; };
		74845C5E2C3FD89700295919 /* NavigationTransition.swift */ = {isa = PBXFileReference; lastKnownFileType = sourcecode.swift; path = NavigationTransition.swift; sourceTree = "<group>"; };
		74845C612C3FD8BB00295919 /* NavigationType.swift */ = {isa = PBXFileReference; lastKnownFileType = sourcecode.swift; path = NavigationType.swift; sourceTree = "<group>"; };
		74845C632C3FD90900295919 /* RaceViewCoordinator.swift */ = {isa = PBXFileReference; lastKnownFileType = sourcecode.swift; path = RaceViewCoordinator.swift; sourceTree = "<group>"; };
		74845C652C3FD94800295919 /* NavigationCoordinator.swift */ = {isa = PBXFileReference; lastKnownFileType = sourcecode.swift; path = NavigationCoordinator.swift; sourceTree = "<group>"; };
		74845C672C3FD95E00295919 /* BaseCoordinator.swift */ = {isa = PBXFileReference; lastKnownFileType = sourcecode.swift; path = BaseCoordinator.swift; sourceTree = "<group>"; };
		74845C6A2C3FD98C00295919 /* ModuleDependencyContainer.swift */ = {isa = PBXFileReference; lastKnownFileType = sourcecode.swift; path = ModuleDependencyContainer.swift; sourceTree = "<group>"; };
		74845C6C2C3FDAC100295919 /* ReferenceCounted.swift */ = {isa = PBXFileReference; lastKnownFileType = sourcecode.swift; path = ReferenceCounted.swift; sourceTree = "<group>"; };
		74845C6E2C3FDD2A00295919 /* FAppCoordinator.swift */ = {isa = PBXFileReference; lastKnownFileType = sourcecode.swift; path = FAppCoordinator.swift; sourceTree = "<group>"; };
		74845C702C3FDD9E00295919 /* RootFlow.swift */ = {isa = PBXFileReference; lastKnownFileType = sourcecode.swift; path = RootFlow.swift; sourceTree = "<group>"; };
		74845C722C3FDDB800295919 /* SharedStore.swift */ = {isa = PBXFileReference; lastKnownFileType = sourcecode.swift; path = SharedStore.swift; sourceTree = "<group>"; };
		74845C742C3FDE0F00295919 /* ProxyViewController.swift */ = {isa = PBXFileReference; lastKnownFileType = sourcecode.swift; path = ProxyViewController.swift; sourceTree = "<group>"; };
		74845C762C3FDE2200295919 /* ProxyingViewController.swift */ = {isa = PBXFileReference; lastKnownFileType = sourcecode.swift; path = ProxyingViewController.swift; sourceTree = "<group>"; };
		74845C782C3FDE5600295919 /* GlobalDependencyContainer.swift */ = {isa = PBXFileReference; lastKnownFileType = sourcecode.swift; path = GlobalDependencyContainer.swift; sourceTree = "<group>"; };
		74845C7E2C3FDF3B00295919 /* AuthenticationCoordinator.swift */ = {isa = PBXFileReference; lastKnownFileType = sourcecode.swift; path = AuthenticationCoordinator.swift; sourceTree = "<group>"; };
		74845C802C3FDF6200295919 /* AuthenticationUseCase.swift */ = {isa = PBXFileReference; lastKnownFileType = sourcecode.swift; path = AuthenticationUseCase.swift; sourceTree = "<group>"; };
		74845C822C3FE12000295919 /* RootCoordinator.swift */ = {isa = PBXFileReference; lastKnownFileType = sourcecode.swift; path = RootCoordinator.swift; sourceTree = "<group>"; };
		74845C842C3FE58E00295919 /* TabsCoordinator.swift */ = {isa = PBXFileReference; lastKnownFileType = sourcecode.swift; path = TabsCoordinator.swift; sourceTree = "<group>"; };
		74845C872C3FE8A500295919 /* UINavigationController+Proxying.swift */ = {isa = PBXFileReference; lastKnownFileType = sourcecode.swift; path = "UINavigationController+Proxying.swift"; sourceTree = "<group>"; };
		74845C8C2C3FF20700295919 /* ChampionshipViewModel.swift */ = {isa = PBXFileReference; lastKnownFileType = sourcecode.swift; path = ChampionshipViewModel.swift; sourceTree = "<group>"; };
		74845C8E2C3FF20C00295919 /* ChampionshipView.swift */ = {isa = PBXFileReference; lastKnownFileType = sourcecode.swift; path = ChampionshipView.swift; sourceTree = "<group>"; };
		74845C902C3FF21300295919 /* ChampionshipAssembler.swift */ = {isa = PBXFileReference; lastKnownFileType = sourcecode.swift; path = ChampionshipAssembler.swift; sourceTree = "<group>"; };
		74845C922C3FF24700295919 /* ChampionshipCoordinator.swift */ = {isa = PBXFileReference; lastKnownFileType = sourcecode.swift; path = ChampionshipCoordinator.swift; sourceTree = "<group>"; };
		74845C942C3FF37800295919 /* RaceInfoView.swift */ = {isa = PBXFileReference; lastKnownFileType = sourcecode.swift; path = RaceInfoView.swift; sourceTree = "<group>"; };
		74845C962C3FFA6800295919 /* NetworkManager.swift */ = {isa = PBXFileReference; lastKnownFileType = sourcecode.swift; path = NetworkManager.swift; sourceTree = "<group>"; };
		74845C982C3FFD7400295919 /* DependencyWrapper.swift */ = {isa = PBXFileReference; lastKnownFileType = sourcecode.swift; path = DependencyWrapper.swift; sourceTree = "<group>"; };
		74861E3B2C49748F00E13493 /* UIImage+Extension.swift */ = {isa = PBXFileReference; lastKnownFileType = sourcecode.swift; path = "UIImage+Extension.swift"; sourceTree = "<group>"; };
		74861E3D2C49763B00E13493 /* DimmingViewController.swift */ = {isa = PBXFileReference; lastKnownFileType = sourcecode.swift; path = DimmingViewController.swift; sourceTree = "<group>"; };
		74861E3F2C49768100E13493 /* HostedViewConfiguration.swift */ = {isa = PBXFileReference; lastKnownFileType = sourcecode.swift; path = HostedViewConfiguration.swift; sourceTree = "<group>"; };
		74861E412C4976A600E13493 /* CustomHostingViewController.swift */ = {isa = PBXFileReference; lastKnownFileType = sourcecode.swift; path = CustomHostingViewController.swift; sourceTree = "<group>"; };
		74861E442C49772F00E13493 /* LoadingDimmingViewController.swift */ = {isa = PBXFileReference; lastKnownFileType = sourcecode.swift; path = LoadingDimmingViewController.swift; sourceTree = "<group>"; };
		74914EE52C1878C5001F62E4 /* RaceViewAssembler.swift */ = {isa = PBXFileReference; lastKnownFileType = sourcecode.swift; path = RaceViewAssembler.swift; sourceTree = "<group>"; };
		749E18FA2BEA8B5A00BE6555 /* Formula 1.app */ = {isa = PBXFileReference; explicitFileType = wrapper.application; includeInIndex = 0; path = "Formula 1.app"; sourceTree = BUILT_PRODUCTS_DIR; };
		749E18FD2BEA8B5A00BE6555 /* AppDelegate.swift */ = {isa = PBXFileReference; lastKnownFileType = sourcecode.swift; path = AppDelegate.swift; sourceTree = "<group>"; };
		749E18FF2BEA8B5A00BE6555 /* SceneDelegate.swift */ = {isa = PBXFileReference; lastKnownFileType = sourcecode.swift; path = SceneDelegate.swift; sourceTree = "<group>"; };
		749E19062BEA8B5D00BE6555 /* Assets.xcassets */ = {isa = PBXFileReference; lastKnownFileType = folder.assetcatalog; path = Assets.xcassets; sourceTree = "<group>"; };
		749E19092BEA8B5D00BE6555 /* Base */ = {isa = PBXFileReference; lastKnownFileType = file.storyboard; name = Base; path = Base.lproj/LaunchScreen.storyboard; sourceTree = "<group>"; };
		749E190B2BEA8B5D00BE6555 /* Info.plist */ = {isa = PBXFileReference; lastKnownFileType = text.plist.xml; path = Info.plist; sourceTree = "<group>"; };
		749E19122BEA8FD900BE6555 /* AppCoordinator.swift */ = {isa = PBXFileReference; lastKnownFileType = sourcecode.swift; path = AppCoordinator.swift; sourceTree = "<group>"; };
		749E19142BEA912B00BE6555 /* Coordinator.swift */ = {isa = PBXFileReference; lastKnownFileType = sourcecode.swift; path = Coordinator.swift; sourceTree = "<group>"; };
		749FB1722C47DDF800FCBC8E /* CoreLocation.swift */ = {isa = PBXFileReference; lastKnownFileType = sourcecode.swift; path = CoreLocation.swift; sourceTree = "<group>"; };
		749FB1742C47FBDF00FCBC8E /* TimeZoneInfo.swift */ = {isa = PBXFileReference; lastKnownFileType = sourcecode.swift; path = TimeZoneInfo.swift; sourceTree = "<group>"; };
		749FB1762C4818DD00FCBC8E /* Date+Extension.swift */ = {isa = PBXFileReference; lastKnownFileType = sourcecode.swift; path = "Date+Extension.swift"; sourceTree = "<group>"; };
		749FB17E2C4829E000FCBC8E /* en */ = {isa = PBXFileReference; lastKnownFileType = text.plist.strings; name = en; path = en.lproj/Localizable.strings; sourceTree = "<group>"; };
		749FB1832C482C1600FCBC8E /* LocalizationHelper.swift */ = {isa = PBXFileReference; lastKnownFileType = sourcecode.swift; path = LocalizationHelper.swift; sourceTree = "<group>"; };
		74A4408C2C46A5FC00A7E416 /* RaceLocalization.swift */ = {isa = PBXFileReference; lastKnownFileType = sourcecode.swift; path = RaceLocalization.swift; sourceTree = "<group>"; };
		74A4408E2C46AA2600A7E416 /* CustomDivider.swift */ = {isa = PBXFileReference; lastKnownFileType = sourcecode.swift; path = CustomDivider.swift; sourceTree = "<group>"; };
		74A440932C46B68400A7E416 /* CountryFlags.swift */ = {isa = PBXFileReference; lastKnownFileType = sourcecode.swift; path = CountryFlags.swift; sourceTree = "<group>"; };
		74AEFA562C4BBB1D006B2CF1 /* SegmentButton.swift */ = {isa = PBXFileReference; lastKnownFileType = sourcecode.swift; path = SegmentButton.swift; sourceTree = "<group>"; };
		74C9D7CD2C43B2E7008176E0 /* Seasons.swift */ = {isa = PBXFileReference; lastKnownFileType = sourcecode.swift; path = Seasons.swift; sourceTree = "<group>"; };
		74C9D7CF2C43B49D008176E0 /* Race.swift */ = {isa = PBXFileReference; lastKnownFileType = sourcecode.swift; path = Race.swift; sourceTree = "<group>"; };
		74C9D7D12C43C3BB008176E0 /* DateFormatter+Extension.swift */ = {isa = PBXFileReference; lastKnownFileType = sourcecode.swift; path = "DateFormatter+Extension.swift"; sourceTree = "<group>"; };
		74C9D7D52C43CA25008176E0 /* RaceResults.swift */ = {isa = PBXFileReference; lastKnownFileType = sourcecode.swift; path = RaceResults.swift; sourceTree = "<group>"; };
		74C9D7D72C43CA3E008176E0 /* QualifyingResults.swift */ = {isa = PBXFileReference; lastKnownFileType = sourcecode.swift; path = QualifyingResults.swift; sourceTree = "<group>"; };
		74C9D7D92C43CA5B008176E0 /* Laps.swift */ = {isa = PBXFileReference; lastKnownFileType = sourcecode.swift; path = Laps.swift; sourceTree = "<group>"; };
		74C9D7DB2C43CA6F008176E0 /* Drivers.swift */ = {isa = PBXFileReference; lastKnownFileType = sourcecode.swift; path = Drivers.swift; sourceTree = "<group>"; };
		74C9D7DD2C43CA7F008176E0 /* DriverStandings.swift */ = {isa = PBXFileReference; lastKnownFileType = sourcecode.swift; path = DriverStandings.swift; sourceTree = "<group>"; };
		74C9D7DF2C43CA8F008176E0 /* Constructors.swift */ = {isa = PBXFileReference; lastKnownFileType = sourcecode.swift; path = Constructors.swift; sourceTree = "<group>"; };
		74C9D7E12C43CA9D008176E0 /* Circuits.swift */ = {isa = PBXFileReference; lastKnownFileType = sourcecode.swift; path = Circuits.swift; sourceTree = "<group>"; };
		74C9D7E32C43CABA008176E0 /* Decodable+Extension.swift */ = {isa = PBXFileReference; lastKnownFileType = sourcecode.swift; path = "Decodable+Extension.swift"; sourceTree = "<group>"; };
		74C9D7E52C43CAD2008176E0 /* URLSession+Extension.swift */ = {isa = PBXFileReference; lastKnownFileType = sourcecode.swift; path = "URLSession+Extension.swift"; sourceTree = "<group>"; };
		74C9D7E82C43CB23008176E0 /* APIError.swift */ = {isa = PBXFileReference; lastKnownFileType = sourcecode.swift; path = APIError.swift; sourceTree = "<group>"; };
		74C9D7EA2C43CB97008176E0 /* Endpoint.swift */ = {isa = PBXFileReference; lastKnownFileType = sourcecode.swift; path = Endpoint.swift; sourceTree = "<group>"; };
		74C9D7EC2C43CBAE008176E0 /* Path.swift */ = {isa = PBXFileReference; lastKnownFileType = sourcecode.swift; path = Path.swift; sourceTree = "<group>"; };
		74C9D7EE2C43CBCC008176E0 /* Season.swift */ = {isa = PBXFileReference; lastKnownFileType = sourcecode.swift; path = Season.swift; sourceTree = "<group>"; };
		74C9D7F02C43CC18008176E0 /* FinishingStatus.swift */ = {isa = PBXFileReference; lastKnownFileType = sourcecode.swift; path = FinishingStatus.swift; sourceTree = "<group>"; };
		74C9D7F22C43CC31008176E0 /* PitStops.swift */ = {isa = PBXFileReference; lastKnownFileType = sourcecode.swift; path = PitStops.swift; sourceTree = "<group>"; };
		74DBC36F2BF7824300C563E4 /* RaceView.swift */ = {isa = PBXFileReference; lastKnownFileType = sourcecode.swift; path = RaceView.swift; sourceTree = "<group>"; };
		74DBF2372C10CC9900313693 /* RaceViewModel.swift */ = {isa = PBXFileReference; lastKnownFileType = sourcecode.swift; path = RaceViewModel.swift; sourceTree = "<group>"; };
		74E9BA032C492D2D00040112 /* TimeConverter.swift */ = {isa = PBXFileReference; lastKnownFileType = sourcecode.swift; path = TimeConverter.swift; sourceTree = "<group>"; };
		74EFB65C2BF66A9800EFD8A1 /* Colors.xcassets */ = {isa = PBXFileReference; lastKnownFileType = folder.assetcatalog; path = Colors.xcassets; sourceTree = "<group>"; };
		74EFB6602BF66B9700EFD8A1 /* UIColor.swift */ = {isa = PBXFileReference; lastKnownFileType = sourcecode.swift; path = UIColor.swift; sourceTree = "<group>"; };
		74EFB6622BF66C9500EFD8A1 /* UIImage.swift */ = {isa = PBXFileReference; lastKnownFileType = sourcecode.swift; path = UIImage.swift; sourceTree = "<group>"; };
		74FDC02E2BFF54960009502E /* CountdownView.swift */ = {isa = PBXFileReference; lastKnownFileType = sourcecode.swift; path = CountdownView.swift; sourceTree = "<group>"; };
		74FDC0302BFF5AFA0009502E /* PracticeTimetableView.swift */ = {isa = PBXFileReference; lastKnownFileType = sourcecode.swift; path = PracticeTimetableView.swift; sourceTree = "<group>"; };
		74FDC0322BFF69440009502E /* PaddedLabel.swift */ = {isa = PBXFileReference; lastKnownFileType = sourcecode.swift; path = PaddedLabel.swift; sourceTree = "<group>"; };
		74FDC0342BFF6D590009502E /* RaceTimetableView.swift */ = {isa = PBXFileReference; lastKnownFileType = sourcecode.swift; path = RaceTimetableView.swift; sourceTree = "<group>"; };
/* End PBXFileReference section */

/* Begin PBXFrameworksBuildPhase section */
		749E18F72BEA8B5A00BE6555 /* Frameworks */ = {
			isa = PBXFrameworksBuildPhase;
			buildActionMask = 2147483647;
			files = (
				745F5DDD2C4E6A6A00A26CEA /* FirebaseDatabaseSwift in Frameworks */,
				745F5DDB2C4E6A6A00A26CEA /* FirebaseDatabase in Frameworks */,
				745F5DD72C4E6A6A00A26CEA /* FirebaseAnalyticsSwift in Frameworks */,
				745F5DE12C4E6A6A00A26CEA /* FirebaseFunctions in Frameworks */,
				745F5DE32C4E6A6A00A26CEA /* FirebaseStorage in Frameworks */,
				745F5DDF2C4E6A6A00A26CEA /* FirebaseFirestore in Frameworks */,
				745F5DD92C4E6A6A00A26CEA /* FirebaseAuth in Frameworks */,
			);
			runOnlyForDeploymentPostprocessing = 0;
		};
/* End PBXFrameworksBuildPhase section */

/* Begin PBXGroup section */
		742727DA2BF3C8E2006DE29C /* Championship */ = {
			isa = PBXGroup;
			children = (
				74312F852C4A7A0000988322 /* Subviews */,
				74845C8C2C3FF20700295919 /* ChampionshipViewModel.swift */,
				74845C8E2C3FF20C00295919 /* ChampionshipView.swift */,
				74845C902C3FF21300295919 /* ChampionshipAssembler.swift */,
				74845C922C3FF24700295919 /* ChampionshipCoordinator.swift */,
			);
			path = Championship;
			sourceTree = "<group>";
		};
		742B88A32BF3BA3500A1E496 /* Coordinators */ = {
			isa = PBXGroup;
			children = (
				749E19142BEA912B00BE6555 /* Coordinator.swift */,
				749E19122BEA8FD900BE6555 /* AppCoordinator.swift */,
				74845C6E2C3FDD2A00295919 /* FAppCoordinator.swift */,
				74845C822C3FE12000295919 /* RootCoordinator.swift */,
			);
			path = Coordinators;
			sourceTree = "<group>";
		};
		742B88A82BF3BFE500A1E496 /* Presentation */ = {
			isa = PBXGroup;
			children = (
				74845C7D2C3FDF2A00295919 /* NavigationFlows */,
				74845C892C3FEFCC00295919 /* Common */,
				74845C7A2C3FDF1300295919 /* Authentication */,
			);
			path = Presentation;
			sourceTree = "<group>";
		};
		742B88A92BF3C0EA00A1E496 /* Race Screen */ = {
			isa = PBXGroup;
			children = (
				74845C632C3FD90900295919 /* RaceViewCoordinator.swift */,
				74DBF2372C10CC9900313693 /* RaceViewModel.swift */,
				74DBC36F2BF7824300C563E4 /* RaceView.swift */,
				74914EE52C1878C5001F62E4 /* RaceViewAssembler.swift */,
				74FDC0362BFF6F8F0009502E /* Subviews */,
			);
			path = "Race Screen";
			sourceTree = "<group>";
		};
		74312F852C4A7A0000988322 /* Subviews */ = {
			isa = PBXGroup;
			children = (
				74312F862C4A7A0D00988322 /* DriversChampionshipView.swift */,
				745F5DD12C4E630A00A26CEA /* ConstructorsChampionshipView.swift */,
			);
			path = Subviews;
			sourceTree = "<group>";
		};
		745C0CD32C5CEB0B005D7B8F /* Extensions */ = {
			isa = PBXGroup;
			children = (
				74C9D7E32C43CABA008176E0 /* Decodable+Extension.swift */,
				74C9D7D12C43C3BB008176E0 /* DateFormatter+Extension.swift */,
				74C9D7E52C43CAD2008176E0 /* URLSession+Extension.swift */,
				74861E3B2C49748F00E13493 /* UIImage+Extension.swift */,
				749FB1762C4818DD00FCBC8E /* Date+Extension.swift */,
			);
			path = Extensions;
			sourceTree = "<group>";
		};
		745F5DE42C4E6B8700A26CEA /* Services */ = {
			isa = PBXGroup;
			children = (
				74845C962C3FFA6800295919 /* NetworkManager.swift */,
				745F5DE52C4E6B9300A26CEA /* CloudStorageService.swift */,
				745F5DE92C4E9E7B00A26CEA /* ImageRepository.swift */,
				745F5DEB2C4E9EAA00A26CEA /* FileManagerService.swift */,
			);
			path = Services;
			sourceTree = "<group>";
		};
		74845C3E2C3FD56E00295919 /* Coordination */ = {
			isa = PBXGroup;
			children = (
				74845C862C3FE89600295919 /* Extensions */,
				74845C692C3FD97B00295919 /* DependencyHandling */,
				74845C602C3FD8AE00295919 /* Parameters */,
				74845C4C2C3FD65300295919 /* ReferenceHandling */,
				74845C432C3FD5D900295919 /* Interfaces */,
				74845C3F2C3FD58400295919 /* UnownedRouter.swift */,
				74845C412C3FD5A800295919 /* Unowned.swift */,
				74845C462C3FD60300295919 /* Router.swift */,
				74845C5A2C3FD84500295919 /* DetachedContext.swift */,
				74845C5E2C3FD89700295919 /* NavigationTransition.swift */,
				74845C652C3FD94800295919 /* NavigationCoordinator.swift */,
				74845C672C3FD95E00295919 /* BaseCoordinator.swift */,
				74845C722C3FDDB800295919 /* SharedStore.swift */,
				74845C742C3FDE0F00295919 /* ProxyViewController.swift */,
				74845C842C3FE58E00295919 /* TabsCoordinator.swift */,
			);
			path = Coordination;
			sourceTree = "<group>";
		};
		74845C432C3FD5D900295919 /* Interfaces */ = {
			isa = PBXGroup;
			children = (
				74845C442C3FD5E800295919 /* Destination.swift */,
				74845C482C3FD62400295919 /* ViewControlling.swift */,
				74845C4A2C3FD63B00295919 /* Coordinating.swift */,
				74845C562C3FD80C00295919 /* Routing.swift */,
				74845C582C3FD82700295919 /* DetachedTransitionHandling.swift */,
				74845C5C2C3FD85D00295919 /* Reason.swift */,
			);
			path = Interfaces;
			sourceTree = "<group>";
		};
		74845C4C2C3FD65300295919 /* ReferenceHandling */ = {
			isa = PBXGroup;
			children = (
				74845C4F2C3FD67400295919 /* Interfaces */,
				74845C4D2C3FD66400295919 /* ReferenceCounting.swift */,
				74845C522C3FD7BB00295919 /* ReferenceCounter.swift */,
				74845C6C2C3FDAC100295919 /* ReferenceCounted.swift */,
			);
			path = ReferenceHandling;
			sourceTree = "<group>";
		};
		74845C4F2C3FD67400295919 /* Interfaces */ = {
			isa = PBXGroup;
			children = (
				74845C502C3FD68700295919 /* ReferenceCounterListening.swift */,
				74845C542C3FD7D600295919 /* ReferenceOperatable.swift */,
				74845C702C3FDD9E00295919 /* RootFlow.swift */,
				74845C762C3FDE2200295919 /* ProxyingViewController.swift */,
			);
			path = Interfaces;
			sourceTree = "<group>";
		};
		74845C602C3FD8AE00295919 /* Parameters */ = {
			isa = PBXGroup;
			children = (
				74845C612C3FD8BB00295919 /* NavigationType.swift */,
			);
			path = Parameters;
			sourceTree = "<group>";
		};
		74845C692C3FD97B00295919 /* DependencyHandling */ = {
			isa = PBXGroup;
			children = (
				74845C6A2C3FD98C00295919 /* ModuleDependencyContainer.swift */,
				74845C782C3FDE5600295919 /* GlobalDependencyContainer.swift */,
				74845C982C3FFD7400295919 /* DependencyWrapper.swift */,
			);
			path = DependencyHandling;
			sourceTree = "<group>";
		};
		74845C7A2C3FDF1300295919 /* Authentication */ = {
			isa = PBXGroup;
			children = (
				74845C7E2C3FDF3B00295919 /* AuthenticationCoordinator.swift */,
			);
			path = Authentication;
			sourceTree = "<group>";
		};
		74845C7D2C3FDF2A00295919 /* NavigationFlows */ = {
			isa = PBXGroup;
			children = (
				742B88A92BF3C0EA00A1E496 /* Race Screen */,
				742727DA2BF3C8E2006DE29C /* Championship */,
				74DBC36E2BF7817500C563E4 /* Calendar */,
				74861E3A2C49734500E13493 /* Settings */,
			);
			path = NavigationFlows;
			sourceTree = "<group>";
		};
		74845C862C3FE89600295919 /* Extensions */ = {
			isa = PBXGroup;
			children = (
				74845C872C3FE8A500295919 /* UINavigationController+Proxying.swift */,
			);
			path = Extensions;
			sourceTree = "<group>";
		};
		74845C892C3FEFCC00295919 /* Common */ = {
			isa = PBXGroup;
			children = (
				745C0CD32C5CEB0B005D7B8F /* Extensions */,
				74861E432C49771600E13493 /* DimmingViews */,
				74C9D7E72C43CB03008176E0 /* Helpers */,
				74C9D7E82C43CB23008176E0 /* APIError.swift */,
				74C9D7EA2C43CB97008176E0 /* Endpoint.swift */,
				74C9D7EC2C43CBAE008176E0 /* Path.swift */,
				74C9D7EE2C43CBCC008176E0 /* Season.swift */,
				74A4408E2C46AA2600A7E416 /* CustomDivider.swift */,
				74312F812C4A5C6400988322 /* ActivityIndicator.swift */,
				74AEFA562C4BBB1D006B2CF1 /* SegmentButton.swift */,
				740A89892C6E128E00B840D1 /* CustomProgressView.swift */,
			);
			path = Common;
			sourceTree = "<group>";
		};
		74861E3A2C49734500E13493 /* Settings */ = {
			isa = PBXGroup;
			children = (
			);
			path = Settings;
			sourceTree = "<group>";
		};
		74861E432C49771600E13493 /* DimmingViews */ = {
			isa = PBXGroup;
			children = (
				74861E3D2C49763B00E13493 /* DimmingViewController.swift */,
				74861E442C49772F00E13493 /* LoadingDimmingViewController.swift */,
			);
			path = DimmingViews;
			sourceTree = "<group>";
		};
		749E18F12BEA8B5A00BE6555 = {
			isa = PBXGroup;
			children = (
				749E18FC2BEA8B5A00BE6555 /* Formula 1 */,
				749E18FB2BEA8B5A00BE6555 /* Products */,
			);
			sourceTree = "<group>";
		};
		749E18FB2BEA8B5A00BE6555 /* Products */ = {
			isa = PBXGroup;
			children = (
				749E18FA2BEA8B5A00BE6555 /* Formula 1.app */,
			);
			name = Products;
			sourceTree = "<group>";
		};
		749E18FC2BEA8B5A00BE6555 /* Formula 1 */ = {
			isa = PBXGroup;
			children = (
				749E19112BEA8FBD00BE6555 /* Application */,
				74F06F5E2BF7C8A400834823 /* Data */,
				74EFB65E2BF66AE800EFD8A1 /* Resources */,
				74EFB65F2BF66B5900EFD8A1 /* Utils */,
				749E19082BEA8B5D00BE6555 /* LaunchScreen.storyboard */,
				749E190B2BEA8B5D00BE6555 /* Info.plist */,
				745F5DD32C4E69E800A26CEA /* GoogleService-Info.plist */,
			);
			path = "Formula 1";
			sourceTree = "<group>";
		};
		749E19112BEA8FBD00BE6555 /* Application */ = {
			isa = PBXGroup;
			children = (
				742B88A32BF3BA3500A1E496 /* Coordinators */,
				749E18FD2BEA8B5A00BE6555 /* AppDelegate.swift */,
				749E18FF2BEA8B5A00BE6555 /* SceneDelegate.swift */,
				742B88A82BF3BFE500A1E496 /* Presentation */,
				749FB17D2C4829E000FCBC8E /* Localizable.strings */,
			);
			path = Application;
			sourceTree = "<group>";
		};
		74C9D7E72C43CB03008176E0 /* Helpers */ = {
			isa = PBXGroup;
			children = (
				74A4408C2C46A5FC00A7E416 /* RaceLocalization.swift */,
				74A440932C46B68400A7E416 /* CountryFlags.swift */,
				749FB1832C482C1600FCBC8E /* LocalizationHelper.swift */,
				74E9BA032C492D2D00040112 /* TimeConverter.swift */,
				74861E3F2C49768100E13493 /* HostedViewConfiguration.swift */,
				74861E412C4976A600E13493 /* CustomHostingViewController.swift */,
				745C0CD42C5CEBE4005D7B8F /* TrackScheme.swift */,
			);
			path = Helpers;
			sourceTree = "<group>";
		};
		74DBC36E2BF7817500C563E4 /* Calendar */ = {
			isa = PBXGroup;
			children = (
				745F5DED2C4EB62C00A26CEA /* CalendarAssembler.swift */,
				745F5DEF2C4EB63500A26CEA /* CalendarViewModel.swift */,
				745F5DF12C4EB63B00A26CEA /* CalendarView.swift */,
				745F5DF32C4EB64800A26CEA /* CalendarCoordinator.swift */,
				742796BB2C52486B0092414E /* CalendarCellView.swift */,
			);
			path = Calendar;
			sourceTree = "<group>";
		};
		74EFB65E2BF66AE800EFD8A1 /* Resources */ = {
			isa = PBXGroup;
			children = (
				749E19062BEA8B5D00BE6555 /* Assets.xcassets */,
				74EFB65C2BF66A9800EFD8A1 /* Colors.xcassets */,
			);
			path = Resources;
			sourceTree = "<group>";
		};
		74EFB65F2BF66B5900EFD8A1 /* Utils */ = {
			isa = PBXGroup;
			children = (
				74845C3E2C3FD56E00295919 /* Coordination */,
				74EFB6602BF66B9700EFD8A1 /* UIColor.swift */,
				74EFB6622BF66C9500EFD8A1 /* UIImage.swift */,
				74FDC0322BFF69440009502E /* PaddedLabel.swift */,
			);
			path = Utils;
			sourceTree = "<group>";
		};
		74F06F5E2BF7C8A400834823 /* Data */ = {
			isa = PBXGroup;
			children = (
				745F5DE42C4E6B8700A26CEA /* Services */,
				74845C802C3FDF6200295919 /* AuthenticationUseCase.swift */,
				74C9D7CD2C43B2E7008176E0 /* Seasons.swift */,
				74C9D7CF2C43B49D008176E0 /* Race.swift */,
				74C9D7D52C43CA25008176E0 /* RaceResults.swift */,
				74C9D7D72C43CA3E008176E0 /* QualifyingResults.swift */,
				74C9D7D92C43CA5B008176E0 /* Laps.swift */,
				74C9D7DB2C43CA6F008176E0 /* Drivers.swift */,
				74C9D7DD2C43CA7F008176E0 /* DriverStandings.swift */,
				74C9D7DF2C43CA8F008176E0 /* Constructors.swift */,
				74C9D7E12C43CA9D008176E0 /* Circuits.swift */,
				74C9D7F02C43CC18008176E0 /* FinishingStatus.swift */,
				74C9D7F22C43CC31008176E0 /* PitStops.swift */,
				749FB1722C47DDF800FCBC8E /* CoreLocation.swift */,
				749FB1742C47FBDF00FCBC8E /* TimeZoneInfo.swift */,
			);
			path = Data;
			sourceTree = "<group>";
		};
		74FDC0362BFF6F8F0009502E /* Subviews */ = {
			isa = PBXGroup;
			children = (
				74845C942C3FF37800295919 /* RaceInfoView.swift */,
				74FDC02E2BFF54960009502E /* CountdownView.swift */,
				74FDC0302BFF5AFA0009502E /* PracticeTimetableView.swift */,
				74FDC0342BFF6D590009502E /* RaceTimetableView.swift */,
				74312F832C4A70F900988322 /* SprintTimetableView.swift */,
			);
			path = Subviews;
			sourceTree = "<group>";
		};
/* End PBXGroup section */

/* Begin PBXNativeTarget section */
		749E18F92BEA8B5A00BE6555 /* Formula 1 */ = {
			isa = PBXNativeTarget;
			buildConfigurationList = 749E190E2BEA8B5D00BE6555 /* Build configuration list for PBXNativeTarget "Formula 1" */;
			buildPhases = (
				749E18F62BEA8B5A00BE6555 /* Sources */,
				749E18F72BEA8B5A00BE6555 /* Frameworks */,
				749E18F82BEA8B5A00BE6555 /* Resources */,
			);
			buildRules = (
			);
			dependencies = (
				740A89882C6E0DE500B840D1 /* PBXTargetDependency */,
			);
			name = "Formula 1";
			packageProductDependencies = (
				745F5DD62C4E6A6A00A26CEA /* FirebaseAnalyticsSwift */,
				745F5DD82C4E6A6A00A26CEA /* FirebaseAuth */,
				745F5DDA2C4E6A6A00A26CEA /* FirebaseDatabase */,
				745F5DDC2C4E6A6A00A26CEA /* FirebaseDatabaseSwift */,
				745F5DDE2C4E6A6A00A26CEA /* FirebaseFirestore */,
				745F5DE02C4E6A6A00A26CEA /* FirebaseFunctions */,
				745F5DE22C4E6A6A00A26CEA /* FirebaseStorage */,
			);
			productName = "Formula 1";
			productReference = 749E18FA2BEA8B5A00BE6555 /* Formula 1.app */;
			productType = "com.apple.product-type.application";
		};
/* End PBXNativeTarget section */

/* Begin PBXProject section */
		749E18F22BEA8B5A00BE6555 /* Project object */ = {
			isa = PBXProject;
			attributes = {
				BuildIndependentTargetsInParallel = 1;
				LastSwiftUpdateCheck = 1530;
				LastUpgradeCheck = 1530;
				TargetAttributes = {
					749E18F92BEA8B5A00BE6555 = {
						CreatedOnToolsVersion = 15.3;
					};
				};
			};
			buildConfigurationList = 749E18F52BEA8B5A00BE6555 /* Build configuration list for PBXProject "Formula 1" */;
			compatibilityVersion = "Xcode 14.0";
			developmentRegion = en;
			hasScannedForEncodings = 0;
			knownRegions = (
				en,
				Base,
			);
			mainGroup = 749E18F12BEA8B5A00BE6555;
			packageReferences = (
				745F5DD52C4E6A6A00A26CEA /* XCRemoteSwiftPackageReference "firebase-ios-sdk" */,
				740A89862C6E0DB300B840D1 /* XCRemoteSwiftPackageReference "SwiftLintPlugins" */,
			);
			productRefGroup = 749E18FB2BEA8B5A00BE6555 /* Products */;
			projectDirPath = "";
			projectRoot = "";
			targets = (
				749E18F92BEA8B5A00BE6555 /* Formula 1 */,
			);
		};
/* End PBXProject section */

/* Begin PBXResourcesBuildPhase section */
		749E18F82BEA8B5A00BE6555 /* Resources */ = {
			isa = PBXResourcesBuildPhase;
			buildActionMask = 2147483647;
			files = (
				749FB17F2C4829E000FCBC8E /* Localizable.strings in Resources */,
				74EFB65D2BF66A9800EFD8A1 /* Colors.xcassets in Resources */,
				745F5DD42C4E69E800A26CEA /* GoogleService-Info.plist in Resources */,
				749E19072BEA8B5D00BE6555 /* Assets.xcassets in Resources */,
				749E190A2BEA8B5D00BE6555 /* Base in Resources */,
			);
			runOnlyForDeploymentPostprocessing = 0;
		};
/* End PBXResourcesBuildPhase section */

/* Begin PBXSourcesBuildPhase section */
		749E18F62BEA8B5A00BE6555 /* Sources */ = {
			isa = PBXSourcesBuildPhase;
			buildActionMask = 2147483647;
			files = (
				74C9D7DE2C43CA7F008176E0 /* DriverStandings.swift in Sources */,
				74845C852C3FE58E00295919 /* TabsCoordinator.swift in Sources */,
				74845C4B2C3FD63B00295919 /* Coordinating.swift in Sources */,
				74845C592C3FD82700295919 /* DetachedTransitionHandling.swift in Sources */,
				745F5DF22C4EB63B00A26CEA /* CalendarView.swift in Sources */,
				74312F822C4A5C6400988322 /* ActivityIndicator.swift in Sources */,
				742796BC2C52486B0092414E /* CalendarCellView.swift in Sources */,
				74C9D7DC2C43CA6F008176E0 /* Drivers.swift in Sources */,
				74845C572C3FD80C00295919 /* Routing.swift in Sources */,
				74845C932C3FF24700295919 /* ChampionshipCoordinator.swift in Sources */,
				74845C8D2C3FF20700295919 /* ChampionshipViewModel.swift in Sources */,
				74845C662C3FD94800295919 /* NavigationCoordinator.swift in Sources */,
				74FDC0332BFF69440009502E /* PaddedLabel.swift in Sources */,
				74845C6D2C3FDAC100295919 /* ReferenceCounted.swift in Sources */,
				74845C882C3FE8A500295919 /* UINavigationController+Proxying.swift in Sources */,
				74845C832C3FE12000295919 /* RootCoordinator.swift in Sources */,
				74C9D7F12C43CC18008176E0 /* FinishingStatus.swift in Sources */,
				74A440942C46B68400A7E416 /* CountryFlags.swift in Sources */,
				74845C992C3FFD7400295919 /* DependencyWrapper.swift in Sources */,
				74FDC02F2BFF54970009502E /* CountdownView.swift in Sources */,
				74C9D7E42C43CABA008176E0 /* Decodable+Extension.swift in Sources */,
				74845C7F2C3FDF3B00295919 /* AuthenticationCoordinator.swift in Sources */,
				745F5DEA2C4E9E7B00A26CEA /* ImageRepository.swift in Sources */,
				745F5DD22C4E630A00A26CEA /* ConstructorsChampionshipView.swift in Sources */,
				74C9D7E22C43CA9D008176E0 /* Circuits.swift in Sources */,
				74845C622C3FD8BB00295919 /* NavigationType.swift in Sources */,
				74845C422C3FD5A800295919 /* Unowned.swift in Sources */,
				74845C6F2C3FDD2A00295919 /* FAppCoordinator.swift in Sources */,
				74A4408F2C46AA2600A7E416 /* CustomDivider.swift in Sources */,
				74845C4E2C3FD66400295919 /* ReferenceCounting.swift in Sources */,
				74861E422C4976A600E13493 /* CustomHostingViewController.swift in Sources */,
				74DBF2382C10CC9900313693 /* RaceViewModel.swift in Sources */,
				74E9BA042C492D2D00040112 /* TimeConverter.swift in Sources */,
				74861E3C2C49748F00E13493 /* UIImage+Extension.swift in Sources */,
				74AEFA572C4BBB1D006B2CF1 /* SegmentButton.swift in Sources */,
				749FB1842C482C1600FCBC8E /* LocalizationHelper.swift in Sources */,
				74845C472C3FD60300295919 /* Router.swift in Sources */,
				74845C642C3FD90900295919 /* RaceViewCoordinator.swift in Sources */,
				74845C6B2C3FD98C00295919 /* ModuleDependencyContainer.swift in Sources */,
				74C9D7F32C43CC31008176E0 /* PitStops.swift in Sources */,
				74845C5B2C3FD84500295919 /* DetachedContext.swift in Sources */,
				74845C8F2C3FF20C00295919 /* ChampionshipView.swift in Sources */,
				74C9D7DA2C43CA5B008176E0 /* Laps.swift in Sources */,
				74861E402C49768100E13493 /* HostedViewConfiguration.swift in Sources */,
				74C9D7D22C43C3BB008176E0 /* DateFormatter+Extension.swift in Sources */,
				745F5DF42C4EB64800A26CEA /* CalendarCoordinator.swift in Sources */,
				74FDC0312BFF5AFA0009502E /* PracticeTimetableView.swift in Sources */,
				74845C792C3FDE5600295919 /* GlobalDependencyContainer.swift in Sources */,
				749FB1752C47FBDF00FCBC8E /* TimeZoneInfo.swift in Sources */,
				74C9D7CE2C43B2E7008176E0 /* Seasons.swift in Sources */,
				74845C812C3FDF6200295919 /* AuthenticationUseCase.swift in Sources */,
				74C9D7ED2C43CBAE008176E0 /* Path.swift in Sources */,
				74845C512C3FD68700295919 /* ReferenceCounterListening.swift in Sources */,
				74FDC0352BFF6D590009502E /* RaceTimetableView.swift in Sources */,
				74312F872C4A7A0D00988322 /* DriversChampionshipView.swift in Sources */,
				749FB1732C47DDF800FCBC8E /* CoreLocation.swift in Sources */,
				74C9D7E62C43CAD2008176E0 /* URLSession+Extension.swift in Sources */,
				74845C752C3FDE0F00295919 /* ProxyViewController.swift in Sources */,
				74EFB6632BF66C9500EFD8A1 /* UIImage.swift in Sources */,
				74845C772C3FDE2200295919 /* ProxyingViewController.swift in Sources */,
				74845C492C3FD62400295919 /* ViewControlling.swift in Sources */,
				74C9D7D82C43CA3E008176E0 /* QualifyingResults.swift in Sources */,
				74845C732C3FDDB800295919 /* SharedStore.swift in Sources */,
				74845C972C3FFA6800295919 /* NetworkManager.swift in Sources */,
				74914EE62C1878C5001F62E4 /* RaceViewAssembler.swift in Sources */,
				74861E452C49772F00E13493 /* LoadingDimmingViewController.swift in Sources */,
				74EFB6612BF66B9700EFD8A1 /* UIColor.swift in Sources */,
				74845C532C3FD7BB00295919 /* ReferenceCounter.swift in Sources */,
				74845C682C3FD95E00295919 /* BaseCoordinator.swift in Sources */,
				745F5DEE2C4EB62C00A26CEA /* CalendarAssembler.swift in Sources */,
				745F5DEC2C4E9EAA00A26CEA /* FileManagerService.swift in Sources */,
				74845C5F2C3FD89700295919 /* NavigationTransition.swift in Sources */,
				74C9D7E02C43CA8F008176E0 /* Constructors.swift in Sources */,
				74845C5D2C3FD85D00295919 /* Reason.swift in Sources */,
				74312F842C4A70F900988322 /* SprintTimetableView.swift in Sources */,
				749E19132BEA8FD900BE6555 /* AppCoordinator.swift in Sources */,
				74DBC3702BF7824300C563E4 /* RaceView.swift in Sources */,
				74C9D7D02C43B49D008176E0 /* Race.swift in Sources */,
				74845C552C3FD7D600295919 /* ReferenceOperatable.swift in Sources */,
				74C9D7D62C43CA25008176E0 /* RaceResults.swift in Sources */,
				74845C952C3FF37800295919 /* RaceInfoView.swift in Sources */,
				749E19152BEA912B00BE6555 /* Coordinator.swift in Sources */,
				74A4408D2C46A5FC00A7E416 /* RaceLocalization.swift in Sources */,
				745C0CD52C5CEBE4005D7B8F /* TrackScheme.swift in Sources */,
				745F5DE62C4E6B9300A26CEA /* CloudStorageService.swift in Sources */,
				74C9D7E92C43CB23008176E0 /* APIError.swift in Sources */,
				749FB1772C4818DD00FCBC8E /* Date+Extension.swift in Sources */,
				74C9D7EF2C43CBCC008176E0 /* Season.swift in Sources */,
				74845C452C3FD5E800295919 /* Destination.swift in Sources */,
				74845C912C3FF21300295919 /* ChampionshipAssembler.swift in Sources */,
				749E18FE2BEA8B5A00BE6555 /* AppDelegate.swift in Sources */,
				74861E3E2C49763B00E13493 /* DimmingViewController.swift in Sources */,
				74845C712C3FDD9E00295919 /* RootFlow.swift in Sources */,
				749E19002BEA8B5A00BE6555 /* SceneDelegate.swift in Sources */,
				745F5DF02C4EB63500A26CEA /* CalendarViewModel.swift in Sources */,
				74C9D7EB2C43CB97008176E0 /* Endpoint.swift in Sources */,
				740A898A2C6E128E00B840D1 /* CustomProgressView.swift in Sources */,
				74845C402C3FD58400295919 /* UnownedRouter.swift in Sources */,
			);
			runOnlyForDeploymentPostprocessing = 0;
		};
/* End PBXSourcesBuildPhase section */

/* Begin PBXTargetDependency section */
		740A89882C6E0DE500B840D1 /* PBXTargetDependency */ = {
			isa = PBXTargetDependency;
			productRef = 740A89872C6E0DE500B840D1 /* SwiftLintBuildToolPlugin */;
		};
/* End PBXTargetDependency section */

/* Begin PBXVariantGroup section */
		749E19082BEA8B5D00BE6555 /* LaunchScreen.storyboard */ = {
			isa = PBXVariantGroup;
			children = (
				749E19092BEA8B5D00BE6555 /* Base */,
			);
			name = LaunchScreen.storyboard;
			sourceTree = "<group>";
		};
		749FB17D2C4829E000FCBC8E /* Localizable.strings */ = {
			isa = PBXVariantGroup;
			children = (
				749FB17E2C4829E000FCBC8E /* en */,
			);
			name = Localizable.strings;
			sourceTree = "<group>";
		};
/* End PBXVariantGroup section */

/* Begin XCBuildConfiguration section */
		749E190C2BEA8B5D00BE6555 /* Debug */ = {
			isa = XCBuildConfiguration;
			buildSettings = {
				ALWAYS_SEARCH_USER_PATHS = NO;
				ASSETCATALOG_COMPILER_GENERATE_SWIFT_ASSET_SYMBOL_EXTENSIONS = YES;
				CLANG_ANALYZER_NONNULL = YES;
				CLANG_ANALYZER_NUMBER_OBJECT_CONVERSION = YES_AGGRESSIVE;
				CLANG_CXX_LANGUAGE_STANDARD = "gnu++20";
				CLANG_ENABLE_MODULES = YES;
				CLANG_ENABLE_OBJC_ARC = YES;
				CLANG_ENABLE_OBJC_WEAK = YES;
				CLANG_WARN_BLOCK_CAPTURE_AUTORELEASING = YES;
				CLANG_WARN_BOOL_CONVERSION = YES;
				CLANG_WARN_COMMA = YES;
				CLANG_WARN_CONSTANT_CONVERSION = YES;
				CLANG_WARN_DEPRECATED_OBJC_IMPLEMENTATIONS = YES;
				CLANG_WARN_DIRECT_OBJC_ISA_USAGE = YES_ERROR;
				CLANG_WARN_DOCUMENTATION_COMMENTS = YES;
				CLANG_WARN_EMPTY_BODY = YES;
				CLANG_WARN_ENUM_CONVERSION = YES;
				CLANG_WARN_INFINITE_RECURSION = YES;
				CLANG_WARN_INT_CONVERSION = YES;
				CLANG_WARN_NON_LITERAL_NULL_CONVERSION = YES;
				CLANG_WARN_OBJC_IMPLICIT_RETAIN_SELF = YES;
				CLANG_WARN_OBJC_LITERAL_CONVERSION = YES;
				CLANG_WARN_OBJC_ROOT_CLASS = YES_ERROR;
				CLANG_WARN_QUOTED_INCLUDE_IN_FRAMEWORK_HEADER = YES;
				CLANG_WARN_RANGE_LOOP_ANALYSIS = YES;
				CLANG_WARN_STRICT_PROTOTYPES = YES;
				CLANG_WARN_SUSPICIOUS_MOVE = YES;
				CLANG_WARN_UNGUARDED_AVAILABILITY = YES_AGGRESSIVE;
				CLANG_WARN_UNREACHABLE_CODE = YES;
				CLANG_WARN__DUPLICATE_METHOD_MATCH = YES;
				COPY_PHASE_STRIP = NO;
				DEBUG_INFORMATION_FORMAT = dwarf;
				ENABLE_STRICT_OBJC_MSGSEND = YES;
				ENABLE_TESTABILITY = YES;
				ENABLE_USER_SCRIPT_SANDBOXING = YES;
				GCC_C_LANGUAGE_STANDARD = gnu17;
				GCC_DYNAMIC_NO_PIC = NO;
				GCC_NO_COMMON_BLOCKS = YES;
				GCC_OPTIMIZATION_LEVEL = 0;
				GCC_PREPROCESSOR_DEFINITIONS = (
					"DEBUG=1",
					"$(inherited)",
				);
				GCC_WARN_64_TO_32_BIT_CONVERSION = YES;
				GCC_WARN_ABOUT_RETURN_TYPE = YES_ERROR;
				GCC_WARN_UNDECLARED_SELECTOR = YES;
				GCC_WARN_UNINITIALIZED_AUTOS = YES_AGGRESSIVE;
				GCC_WARN_UNUSED_FUNCTION = YES;
				GCC_WARN_UNUSED_VARIABLE = YES;
				IPHONEOS_DEPLOYMENT_TARGET = 16.0;
				LOCALIZATION_PREFERS_STRING_CATALOGS = YES;
				MTL_ENABLE_DEBUG_INFO = INCLUDE_SOURCE;
				MTL_FAST_MATH = YES;
				ONLY_ACTIVE_ARCH = YES;
				SDKROOT = iphoneos;
				SWIFT_ACTIVE_COMPILATION_CONDITIONS = "DEBUG $(inherited)";
				SWIFT_OPTIMIZATION_LEVEL = "-Onone";
			};
			name = Debug;
		};
		749E190D2BEA8B5D00BE6555 /* Release */ = {
			isa = XCBuildConfiguration;
			buildSettings = {
				ALWAYS_SEARCH_USER_PATHS = NO;
				ASSETCATALOG_COMPILER_GENERATE_SWIFT_ASSET_SYMBOL_EXTENSIONS = YES;
				CLANG_ANALYZER_NONNULL = YES;
				CLANG_ANALYZER_NUMBER_OBJECT_CONVERSION = YES_AGGRESSIVE;
				CLANG_CXX_LANGUAGE_STANDARD = "gnu++20";
				CLANG_ENABLE_MODULES = YES;
				CLANG_ENABLE_OBJC_ARC = YES;
				CLANG_ENABLE_OBJC_WEAK = YES;
				CLANG_WARN_BLOCK_CAPTURE_AUTORELEASING = YES;
				CLANG_WARN_BOOL_CONVERSION = YES;
				CLANG_WARN_COMMA = YES;
				CLANG_WARN_CONSTANT_CONVERSION = YES;
				CLANG_WARN_DEPRECATED_OBJC_IMPLEMENTATIONS = YES;
				CLANG_WARN_DIRECT_OBJC_ISA_USAGE = YES_ERROR;
				CLANG_WARN_DOCUMENTATION_COMMENTS = YES;
				CLANG_WARN_EMPTY_BODY = YES;
				CLANG_WARN_ENUM_CONVERSION = YES;
				CLANG_WARN_INFINITE_RECURSION = YES;
				CLANG_WARN_INT_CONVERSION = YES;
				CLANG_WARN_NON_LITERAL_NULL_CONVERSION = YES;
				CLANG_WARN_OBJC_IMPLICIT_RETAIN_SELF = YES;
				CLANG_WARN_OBJC_LITERAL_CONVERSION = YES;
				CLANG_WARN_OBJC_ROOT_CLASS = YES_ERROR;
				CLANG_WARN_QUOTED_INCLUDE_IN_FRAMEWORK_HEADER = YES;
				CLANG_WARN_RANGE_LOOP_ANALYSIS = YES;
				CLANG_WARN_STRICT_PROTOTYPES = YES;
				CLANG_WARN_SUSPICIOUS_MOVE = YES;
				CLANG_WARN_UNGUARDED_AVAILABILITY = YES_AGGRESSIVE;
				CLANG_WARN_UNREACHABLE_CODE = YES;
				CLANG_WARN__DUPLICATE_METHOD_MATCH = YES;
				COPY_PHASE_STRIP = NO;
				DEBUG_INFORMATION_FORMAT = "dwarf-with-dsym";
				ENABLE_NS_ASSERTIONS = NO;
				ENABLE_STRICT_OBJC_MSGSEND = YES;
				ENABLE_USER_SCRIPT_SANDBOXING = YES;
				GCC_C_LANGUAGE_STANDARD = gnu17;
				GCC_NO_COMMON_BLOCKS = YES;
				GCC_WARN_64_TO_32_BIT_CONVERSION = YES;
				GCC_WARN_ABOUT_RETURN_TYPE = YES_ERROR;
				GCC_WARN_UNDECLARED_SELECTOR = YES;
				GCC_WARN_UNINITIALIZED_AUTOS = YES_AGGRESSIVE;
				GCC_WARN_UNUSED_FUNCTION = YES;
				GCC_WARN_UNUSED_VARIABLE = YES;
				IPHONEOS_DEPLOYMENT_TARGET = 16.0;
				LOCALIZATION_PREFERS_STRING_CATALOGS = YES;
				MTL_ENABLE_DEBUG_INFO = NO;
				MTL_FAST_MATH = YES;
				SDKROOT = iphoneos;
				SWIFT_COMPILATION_MODE = wholemodule;
				VALIDATE_PRODUCT = YES;
			};
			name = Release;
		};
		749E190F2BEA8B5D00BE6555 /* Debug */ = {
			isa = XCBuildConfiguration;
			buildSettings = {
				ASSETCATALOG_COMPILER_APPICON_NAME = AppIcon;
				ASSETCATALOG_COMPILER_GLOBAL_ACCENT_COLOR_NAME = AccentColor;
				CODE_SIGN_STYLE = Automatic;
				CURRENT_PROJECT_VERSION = 1;
				DEVELOPMENT_TEAM = CSY29TKUKT;
				GENERATE_INFOPLIST_FILE = YES;
				INFOPLIST_FILE = "Formula 1/Info.plist";
				INFOPLIST_KEY_NSLocationWhenInUseUsageDescription = "Разрешите определение геолокации для определения часового пояса";
				INFOPLIST_KEY_UIApplicationSupportsIndirectInputEvents = YES;
				INFOPLIST_KEY_UILaunchStoryboardName = LaunchScreen;
				INFOPLIST_KEY_UISupportedInterfaceOrientations_iPad = "UIInterfaceOrientationPortrait UIInterfaceOrientationPortraitUpsideDown UIInterfaceOrientationLandscapeLeft UIInterfaceOrientationLandscapeRight";
				INFOPLIST_KEY_UISupportedInterfaceOrientations_iPhone = "UIInterfaceOrientationPortrait UIInterfaceOrientationLandscapeLeft UIInterfaceOrientationLandscapeRight";
				LD_RUNPATH_SEARCH_PATHS = (
					"$(inherited)",
					"@executable_path/Frameworks",
				);
				MARKETING_VERSION = 1.0;
				PRODUCT_BUNDLE_IDENTIFIER = "olyabolya.Formula-One-Info";
				PRODUCT_NAME = "$(TARGET_NAME)";
				SWIFT_EMIT_LOC_STRINGS = YES;
				SWIFT_VERSION = 5.0;
				TARGETED_DEVICE_FAMILY = "1,2";
			};
			name = Debug;
		};
		749E19102BEA8B5D00BE6555 /* Release */ = {
			isa = XCBuildConfiguration;
			buildSettings = {
				ASSETCATALOG_COMPILER_APPICON_NAME = AppIcon;
				ASSETCATALOG_COMPILER_GLOBAL_ACCENT_COLOR_NAME = AccentColor;
				CODE_SIGN_STYLE = Automatic;
				CURRENT_PROJECT_VERSION = 1;
				DEVELOPMENT_TEAM = CSY29TKUKT;
				GENERATE_INFOPLIST_FILE = YES;
				INFOPLIST_FILE = "Formula 1/Info.plist";
				INFOPLIST_KEY_NSLocationWhenInUseUsageDescription = "Разрешите определение геолокации для определения часового пояса";
				INFOPLIST_KEY_UIApplicationSupportsIndirectInputEvents = YES;
				INFOPLIST_KEY_UILaunchStoryboardName = LaunchScreen;
				INFOPLIST_KEY_UISupportedInterfaceOrientations_iPad = "UIInterfaceOrientationPortrait UIInterfaceOrientationPortraitUpsideDown UIInterfaceOrientationLandscapeLeft UIInterfaceOrientationLandscapeRight";
				INFOPLIST_KEY_UISupportedInterfaceOrientations_iPhone = "UIInterfaceOrientationPortrait UIInterfaceOrientationLandscapeLeft UIInterfaceOrientationLandscapeRight";
				LD_RUNPATH_SEARCH_PATHS = (
					"$(inherited)",
					"@executable_path/Frameworks",
				);
				MARKETING_VERSION = 1.0;
				PRODUCT_BUNDLE_IDENTIFIER = "olyabolya.Formula-One-Info";
				PRODUCT_NAME = "$(TARGET_NAME)";
				SWIFT_EMIT_LOC_STRINGS = YES;
				SWIFT_VERSION = 5.0;
				TARGETED_DEVICE_FAMILY = "1,2";
			};
			name = Release;
		};
/* End XCBuildConfiguration section */

/* Begin XCConfigurationList section */
		749E18F52BEA8B5A00BE6555 /* Build configuration list for PBXProject "Formula 1" */ = {
			isa = XCConfigurationList;
			buildConfigurations = (
				749E190C2BEA8B5D00BE6555 /* Debug */,
				749E190D2BEA8B5D00BE6555 /* Release */,
			);
			defaultConfigurationIsVisible = 0;
			defaultConfigurationName = Release;
		};
		749E190E2BEA8B5D00BE6555 /* Build configuration list for PBXNativeTarget "Formula 1" */ = {
			isa = XCConfigurationList;
			buildConfigurations = (
				749E190F2BEA8B5D00BE6555 /* Debug */,
				749E19102BEA8B5D00BE6555 /* Release */,
			);
			defaultConfigurationIsVisible = 0;
			defaultConfigurationName = Release;
		};
/* End XCConfigurationList section */

/* Begin XCRemoteSwiftPackageReference section */
		740A89862C6E0DB300B840D1 /* XCRemoteSwiftPackageReference "SwiftLintPlugins" */ = {
			isa = XCRemoteSwiftPackageReference;
			repositoryURL = "https://github.com/SimplyDanny/SwiftLintPlugins";
			requirement = {
				kind = upToNextMajorVersion;
				minimumVersion = 0.56.1;
			};
		};
		745F5DD52C4E6A6A00A26CEA /* XCRemoteSwiftPackageReference "firebase-ios-sdk" */ = {
			isa = XCRemoteSwiftPackageReference;
			repositoryURL = "https://github.com/firebase/firebase-ios-sdk";
			requirement = {
				kind = upToNextMajorVersion;
				minimumVersion = 10.29.0;
			};
		};
/* End XCRemoteSwiftPackageReference section */

/* Begin XCSwiftPackageProductDependency section */
		740A89872C6E0DE500B840D1 /* SwiftLintBuildToolPlugin */ = {
			isa = XCSwiftPackageProductDependency;
			package = 740A89862C6E0DB300B840D1 /* XCRemoteSwiftPackageReference "SwiftLintPlugins" */;
			productName = "plugin:SwiftLintBuildToolPlugin";
		};
		745F5DD62C4E6A6A00A26CEA /* FirebaseAnalyticsSwift */ = {
			isa = XCSwiftPackageProductDependency;
			package = 745F5DD52C4E6A6A00A26CEA /* XCRemoteSwiftPackageReference "firebase-ios-sdk" */;
			productName = FirebaseAnalyticsSwift;
		};
		745F5DD82C4E6A6A00A26CEA /* FirebaseAuth */ = {
			isa = XCSwiftPackageProductDependency;
			package = 745F5DD52C4E6A6A00A26CEA /* XCRemoteSwiftPackageReference "firebase-ios-sdk" */;
			productName = FirebaseAuth;
		};
		745F5DDA2C4E6A6A00A26CEA /* FirebaseDatabase */ = {
			isa = XCSwiftPackageProductDependency;
			package = 745F5DD52C4E6A6A00A26CEA /* XCRemoteSwiftPackageReference "firebase-ios-sdk" */;
			productName = FirebaseDatabase;
		};
		745F5DDC2C4E6A6A00A26CEA /* FirebaseDatabaseSwift */ = {
			isa = XCSwiftPackageProductDependency;
			package = 745F5DD52C4E6A6A00A26CEA /* XCRemoteSwiftPackageReference "firebase-ios-sdk" */;
			productName = FirebaseDatabaseSwift;
		};
		745F5DDE2C4E6A6A00A26CEA /* FirebaseFirestore */ = {
			isa = XCSwiftPackageProductDependency;
			package = 745F5DD52C4E6A6A00A26CEA /* XCRemoteSwiftPackageReference "firebase-ios-sdk" */;
			productName = FirebaseFirestore;
		};
		745F5DE02C4E6A6A00A26CEA /* FirebaseFunctions */ = {
			isa = XCSwiftPackageProductDependency;
			package = 745F5DD52C4E6A6A00A26CEA /* XCRemoteSwiftPackageReference "firebase-ios-sdk" */;
			productName = FirebaseFunctions;
		};
		745F5DE22C4E6A6A00A26CEA /* FirebaseStorage */ = {
			isa = XCSwiftPackageProductDependency;
			package = 745F5DD52C4E6A6A00A26CEA /* XCRemoteSwiftPackageReference "firebase-ios-sdk" */;
			productName = FirebaseStorage;
		};
/* End XCSwiftPackageProductDependency section */
	};
	rootObject = 749E18F22BEA8B5A00BE6555 /* Project object */;
}
