// !$*UTF8*$!
{
	archiveVersion = 1;
	classes = {
	};
	objectVersion = 56;
	objects = {

/* Begin PBXBuildFile section */
		742727D92BF3C617006DE29C /* RaceViewController.swift in Sources */ = {isa = PBXBuildFile; fileRef = 742727D82BF3C617006DE29C /* RaceViewController.swift */; };
		742727DC2BF3C8F9006DE29C /* PodiumViewController.swift in Sources */ = {isa = PBXBuildFile; fileRef = 742727DB2BF3C8F9006DE29C /* PodiumViewController.swift */; };
		749E18FE2BEA8B5A00BE6555 /* AppDelegate.swift in Sources */ = {isa = PBXBuildFile; fileRef = 749E18FD2BEA8B5A00BE6555 /* AppDelegate.swift */; };
		749E19002BEA8B5A00BE6555 /* SceneDelegate.swift in Sources */ = {isa = PBXBuildFile; fileRef = 749E18FF2BEA8B5A00BE6555 /* SceneDelegate.swift */; };
		749E19072BEA8B5D00BE6555 /* Assets.xcassets in Resources */ = {isa = PBXBuildFile; fileRef = 749E19062BEA8B5D00BE6555 /* Assets.xcassets */; };
		749E190A2BEA8B5D00BE6555 /* Base in Resources */ = {isa = PBXBuildFile; fileRef = 749E19092BEA8B5D00BE6555 /* Base */; };
		749E19132BEA8FD900BE6555 /* AppCoordinator.swift in Sources */ = {isa = PBXBuildFile; fileRef = 749E19122BEA8FD900BE6555 /* AppCoordinator.swift */; };
		749E19152BEA912B00BE6555 /* Coordinator.swift in Sources */ = {isa = PBXBuildFile; fileRef = 749E19142BEA912B00BE6555 /* Coordinator.swift */; };
		74DBC3702BF7824300C563E4 /* RaceView.swift in Sources */ = {isa = PBXBuildFile; fileRef = 74DBC36F2BF7824300C563E4 /* RaceView.swift */; };
		74E17C0F2BF502F700FEDA30 /* SnapKit in Frameworks */ = {isa = PBXBuildFile; productRef = 74E17C0E2BF502F700FEDA30 /* SnapKit */; };
		74E17C112BF502F700FEDA30 /* SnapKit-Dynamic in Frameworks */ = {isa = PBXBuildFile; productRef = 74E17C102BF502F700FEDA30 /* SnapKit-Dynamic */; };
		74EFB65D2BF66A9800EFD8A1 /* Colors.xcassets in Resources */ = {isa = PBXBuildFile; fileRef = 74EFB65C2BF66A9800EFD8A1 /* Colors.xcassets */; };
		74EFB6612BF66B9700EFD8A1 /* UIColor.swift in Sources */ = {isa = PBXBuildFile; fileRef = 74EFB6602BF66B9700EFD8A1 /* UIColor.swift */; };
		74EFB6632BF66C9500EFD8A1 /* UIImage.swift in Sources */ = {isa = PBXBuildFile; fileRef = 74EFB6622BF66C9500EFD8A1 /* UIImage.swift */; };
		74F06F5B2BF7C76800834823 /* Alamofire in Frameworks */ = {isa = PBXBuildFile; productRef = 74F06F5A2BF7C76800834823 /* Alamofire */; };
		74F06F5D2BF7C76800834823 /* AlamofireDynamic in Frameworks */ = {isa = PBXBuildFile; productRef = 74F06F5C2BF7C76800834823 /* AlamofireDynamic */; };
		74F06F602BF7C8B500834823 /* Entities.swift in Sources */ = {isa = PBXBuildFile; fileRef = 74F06F5F2BF7C8B500834823 /* Entities.swift */; };
		74F06F622BF7C91A00834823 /* NetworkService.swift in Sources */ = {isa = PBXBuildFile; fileRef = 74F06F612BF7C91A00834823 /* NetworkService.swift */; };
		74FDC02F2BFF54970009502E /* CountdownView.swift in Sources */ = {isa = PBXBuildFile; fileRef = 74FDC02E2BFF54960009502E /* CountdownView.swift */; };
		74FDC0312BFF5AFA0009502E /* PracticeTimetable.swift in Sources */ = {isa = PBXBuildFile; fileRef = 74FDC0302BFF5AFA0009502E /* PracticeTimetable.swift */; };
		74FDC0332BFF69440009502E /* PaddedLabel.swift in Sources */ = {isa = PBXBuildFile; fileRef = 74FDC0322BFF69440009502E /* PaddedLabel.swift */; };
		74FDC0352BFF6D590009502E /* RaceTimetable.swift in Sources */ = {isa = PBXBuildFile; fileRef = 74FDC0342BFF6D590009502E /* RaceTimetable.swift */; };
/* End PBXBuildFile section */

/* Begin PBXFileReference section */
		742727D82BF3C617006DE29C /* RaceViewController.swift */ = {isa = PBXFileReference; lastKnownFileType = sourcecode.swift; path = RaceViewController.swift; sourceTree = "<group>"; };
		742727DB2BF3C8F9006DE29C /* PodiumViewController.swift */ = {isa = PBXFileReference; lastKnownFileType = sourcecode.swift; path = PodiumViewController.swift; sourceTree = "<group>"; };
		749E18FA2BEA8B5A00BE6555 /* Formula 1.app */ = {isa = PBXFileReference; explicitFileType = wrapper.application; includeInIndex = 0; path = "Formula 1.app"; sourceTree = BUILT_PRODUCTS_DIR; };
		749E18FD2BEA8B5A00BE6555 /* AppDelegate.swift */ = {isa = PBXFileReference; lastKnownFileType = sourcecode.swift; path = AppDelegate.swift; sourceTree = "<group>"; };
		749E18FF2BEA8B5A00BE6555 /* SceneDelegate.swift */ = {isa = PBXFileReference; lastKnownFileType = sourcecode.swift; path = SceneDelegate.swift; sourceTree = "<group>"; };
		749E19062BEA8B5D00BE6555 /* Assets.xcassets */ = {isa = PBXFileReference; lastKnownFileType = folder.assetcatalog; path = Assets.xcassets; sourceTree = "<group>"; };
		749E19092BEA8B5D00BE6555 /* Base */ = {isa = PBXFileReference; lastKnownFileType = file.storyboard; name = Base; path = Base.lproj/LaunchScreen.storyboard; sourceTree = "<group>"; };
		749E190B2BEA8B5D00BE6555 /* Info.plist */ = {isa = PBXFileReference; lastKnownFileType = text.plist.xml; path = Info.plist; sourceTree = "<group>"; };
		749E19122BEA8FD900BE6555 /* AppCoordinator.swift */ = {isa = PBXFileReference; lastKnownFileType = sourcecode.swift; path = AppCoordinator.swift; sourceTree = "<group>"; };
		749E19142BEA912B00BE6555 /* Coordinator.swift */ = {isa = PBXFileReference; lastKnownFileType = sourcecode.swift; path = Coordinator.swift; sourceTree = "<group>"; };
		74DBC36F2BF7824300C563E4 /* RaceView.swift */ = {isa = PBXFileReference; lastKnownFileType = sourcecode.swift; path = RaceView.swift; sourceTree = "<group>"; };
		74EFB65C2BF66A9800EFD8A1 /* Colors.xcassets */ = {isa = PBXFileReference; lastKnownFileType = folder.assetcatalog; path = Colors.xcassets; sourceTree = "<group>"; };
		74EFB6602BF66B9700EFD8A1 /* UIColor.swift */ = {isa = PBXFileReference; lastKnownFileType = sourcecode.swift; path = UIColor.swift; sourceTree = "<group>"; };
		74EFB6622BF66C9500EFD8A1 /* UIImage.swift */ = {isa = PBXFileReference; lastKnownFileType = sourcecode.swift; path = UIImage.swift; sourceTree = "<group>"; };
		74F06F5F2BF7C8B500834823 /* Entities.swift */ = {isa = PBXFileReference; lastKnownFileType = sourcecode.swift; path = Entities.swift; sourceTree = "<group>"; };
		74F06F612BF7C91A00834823 /* NetworkService.swift */ = {isa = PBXFileReference; lastKnownFileType = sourcecode.swift; path = NetworkService.swift; sourceTree = "<group>"; };
		74FDC02E2BFF54960009502E /* CountdownView.swift */ = {isa = PBXFileReference; lastKnownFileType = sourcecode.swift; path = CountdownView.swift; sourceTree = "<group>"; };
		74FDC0302BFF5AFA0009502E /* PracticeTimetable.swift */ = {isa = PBXFileReference; lastKnownFileType = sourcecode.swift; path = PracticeTimetable.swift; sourceTree = "<group>"; };
		74FDC0322BFF69440009502E /* PaddedLabel.swift */ = {isa = PBXFileReference; lastKnownFileType = sourcecode.swift; path = PaddedLabel.swift; sourceTree = "<group>"; };
		74FDC0342BFF6D590009502E /* RaceTimetable.swift */ = {isa = PBXFileReference; lastKnownFileType = sourcecode.swift; path = RaceTimetable.swift; sourceTree = "<group>"; };
/* End PBXFileReference section */

/* Begin PBXFrameworksBuildPhase section */
		749E18F72BEA8B5A00BE6555 /* Frameworks */ = {
			isa = PBXFrameworksBuildPhase;
			buildActionMask = 2147483647;
			files = (
				74F06F5B2BF7C76800834823 /* Alamofire in Frameworks */,
				74F06F5D2BF7C76800834823 /* AlamofireDynamic in Frameworks */,
				74E17C0F2BF502F700FEDA30 /* SnapKit in Frameworks */,
				74E17C112BF502F700FEDA30 /* SnapKit-Dynamic in Frameworks */,
			);
			runOnlyForDeploymentPostprocessing = 0;
		};
/* End PBXFrameworksBuildPhase section */

/* Begin PBXGroup section */
		742727DA2BF3C8E2006DE29C /* Podium */ = {
			isa = PBXGroup;
			children = (
				742727DB2BF3C8F9006DE29C /* PodiumViewController.swift */,
			);
			path = Podium;
			sourceTree = "<group>";
		};
		742B88A32BF3BA3500A1E496 /* Coordinators */ = {
			isa = PBXGroup;
			children = (
				749E19142BEA912B00BE6555 /* Coordinator.swift */,
				749E19122BEA8FD900BE6555 /* AppCoordinator.swift */,
			);
			path = Coordinators;
			sourceTree = "<group>";
		};
		742B88A82BF3BFE500A1E496 /* Presentation */ = {
			isa = PBXGroup;
			children = (
				742B88A92BF3C0EA00A1E496 /* Race Screen */,
				742727DA2BF3C8E2006DE29C /* Podium */,
				74DBC36E2BF7817500C563E4 /* Calendar */,
			);
			path = Presentation;
			sourceTree = "<group>";
		};
		742B88A92BF3C0EA00A1E496 /* Race Screen */ = {
			isa = PBXGroup;
			children = (
				742727D82BF3C617006DE29C /* RaceViewController.swift */,
				74DBC36F2BF7824300C563E4 /* RaceView.swift */,
				74FDC02E2BFF54960009502E /* CountdownView.swift */,
				74FDC0302BFF5AFA0009502E /* PracticeTimetable.swift */,
				74FDC0342BFF6D590009502E /* RaceTimetable.swift */,
			);
			path = "Race Screen";
			sourceTree = "<group>";
		};
		749E18F12BEA8B5A00BE6555 = {
			isa = PBXGroup;
			children = (
				749E18FC2BEA8B5A00BE6555 /* Formula 1 */,
				749E18FB2BEA8B5A00BE6555 /* Products */,
			);
			sourceTree = "<group>";
		};
		749E18FB2BEA8B5A00BE6555 /* Products */ = {
			isa = PBXGroup;
			children = (
				749E18FA2BEA8B5A00BE6555 /* Formula 1.app */,
			);
			name = Products;
			sourceTree = "<group>";
		};
		749E18FC2BEA8B5A00BE6555 /* Formula 1 */ = {
			isa = PBXGroup;
			children = (
				749E19112BEA8FBD00BE6555 /* Application */,
				74F06F5E2BF7C8A400834823 /* Data */,
				742B88A82BF3BFE500A1E496 /* Presentation */,
				74EFB65E2BF66AE800EFD8A1 /* Resources */,
				74EFB65F2BF66B5900EFD8A1 /* Utils */,
				749E19082BEA8B5D00BE6555 /* LaunchScreen.storyboard */,
				749E190B2BEA8B5D00BE6555 /* Info.plist */,
			);
			path = "Formula 1";
			sourceTree = "<group>";
		};
		749E19112BEA8FBD00BE6555 /* Application */ = {
			isa = PBXGroup;
			children = (
				742B88A32BF3BA3500A1E496 /* Coordinators */,
				749E18FD2BEA8B5A00BE6555 /* AppDelegate.swift */,
				749E18FF2BEA8B5A00BE6555 /* SceneDelegate.swift */,
			);
			path = Application;
			sourceTree = "<group>";
		};
		74DBC36E2BF7817500C563E4 /* Calendar */ = {
			isa = PBXGroup;
			children = (
			);
			path = Calendar;
			sourceTree = "<group>";
		};
		74EFB65E2BF66AE800EFD8A1 /* Resources */ = {
			isa = PBXGroup;
			children = (
				749E19062BEA8B5D00BE6555 /* Assets.xcassets */,
				74EFB65C2BF66A9800EFD8A1 /* Colors.xcassets */,
			);
			path = Resources;
			sourceTree = "<group>";
		};
		74EFB65F2BF66B5900EFD8A1 /* Utils */ = {
			isa = PBXGroup;
			children = (
				74EFB6602BF66B9700EFD8A1 /* UIColor.swift */,
				74EFB6622BF66C9500EFD8A1 /* UIImage.swift */,
				74FDC0322BFF69440009502E /* PaddedLabel.swift */,
			);
			path = Utils;
			sourceTree = "<group>";
		};
		74F06F5E2BF7C8A400834823 /* Data */ = {
			isa = PBXGroup;
			children = (
				74F06F5F2BF7C8B500834823 /* Entities.swift */,
				74F06F612BF7C91A00834823 /* NetworkService.swift */,
			);
			path = Data;
			sourceTree = "<group>";
		};
/* End PBXGroup section */

/* Begin PBXNativeTarget section */
		749E18F92BEA8B5A00BE6555 /* Formula 1 */ = {
			isa = PBXNativeTarget;
			buildConfigurationList = 749E190E2BEA8B5D00BE6555 /* Build configuration list for PBXNativeTarget "Formula 1" */;
			buildPhases = (
				749E18F62BEA8B5A00BE6555 /* Sources */,
				749E18F72BEA8B5A00BE6555 /* Frameworks */,
				749E18F82BEA8B5A00BE6555 /* Resources */,
			);
			buildRules = (
			);
			dependencies = (
			);
			name = "Formula 1";
			packageProductDependencies = (
				74E17C0E2BF502F700FEDA30 /* SnapKit */,
				74E17C102BF502F700FEDA30 /* SnapKit-Dynamic */,
				74F06F5A2BF7C76800834823 /* Alamofire */,
				74F06F5C2BF7C76800834823 /* AlamofireDynamic */,
			);
			productName = "Formula 1";
			productReference = 749E18FA2BEA8B5A00BE6555 /* Formula 1.app */;
			productType = "com.apple.product-type.application";
		};
/* End PBXNativeTarget section */

/* Begin PBXProject section */
		749E18F22BEA8B5A00BE6555 /* Project object */ = {
			isa = PBXProject;
			attributes = {
				BuildIndependentTargetsInParallel = 1;
				LastSwiftUpdateCheck = 1530;
				LastUpgradeCheck = 1530;
				TargetAttributes = {
					749E18F92BEA8B5A00BE6555 = {
						CreatedOnToolsVersion = 15.3;
					};
				};
			};
			buildConfigurationList = 749E18F52BEA8B5A00BE6555 /* Build configuration list for PBXProject "Formula 1" */;
			compatibilityVersion = "Xcode 14.0";
			developmentRegion = en;
			hasScannedForEncodings = 0;
			knownRegions = (
				en,
				Base,
			);
			mainGroup = 749E18F12BEA8B5A00BE6555;
			packageReferences = (
				74E17C0D2BF502F700FEDA30 /* XCRemoteSwiftPackageReference "SnapKit" */,
				74F06F592BF7C76800834823 /* XCRemoteSwiftPackageReference "Alamofire" */,
			);
			productRefGroup = 749E18FB2BEA8B5A00BE6555 /* Products */;
			projectDirPath = "";
			projectRoot = "";
			targets = (
				749E18F92BEA8B5A00BE6555 /* Formula 1 */,
			);
		};
/* End PBXProject section */

/* Begin PBXResourcesBuildPhase section */
		749E18F82BEA8B5A00BE6555 /* Resources */ = {
			isa = PBXResourcesBuildPhase;
			buildActionMask = 2147483647;
			files = (
				74EFB65D2BF66A9800EFD8A1 /* Colors.xcassets in Resources */,
				749E19072BEA8B5D00BE6555 /* Assets.xcassets in Resources */,
				749E190A2BEA8B5D00BE6555 /* Base in Resources */,
			);
			runOnlyForDeploymentPostprocessing = 0;
		};
/* End PBXResourcesBuildPhase section */

/* Begin PBXSourcesBuildPhase section */
		749E18F62BEA8B5A00BE6555 /* Sources */ = {
			isa = PBXSourcesBuildPhase;
			buildActionMask = 2147483647;
			files = (
				74F06F622BF7C91A00834823 /* NetworkService.swift in Sources */,
				74F06F602BF7C8B500834823 /* Entities.swift in Sources */,
				74FDC0332BFF69440009502E /* PaddedLabel.swift in Sources */,
				74FDC02F2BFF54970009502E /* CountdownView.swift in Sources */,
				742727DC2BF3C8F9006DE29C /* PodiumViewController.swift in Sources */,
				74FDC0312BFF5AFA0009502E /* PracticeTimetable.swift in Sources */,
				74FDC0352BFF6D590009502E /* RaceTimetable.swift in Sources */,
				74EFB6632BF66C9500EFD8A1 /* UIImage.swift in Sources */,
				74EFB6612BF66B9700EFD8A1 /* UIColor.swift in Sources */,
				749E19132BEA8FD900BE6555 /* AppCoordinator.swift in Sources */,
				74DBC3702BF7824300C563E4 /* RaceView.swift in Sources */,
				749E19152BEA912B00BE6555 /* Coordinator.swift in Sources */,
				742727D92BF3C617006DE29C /* RaceViewController.swift in Sources */,
				749E18FE2BEA8B5A00BE6555 /* AppDelegate.swift in Sources */,
				749E19002BEA8B5A00BE6555 /* SceneDelegate.swift in Sources */,
			);
			runOnlyForDeploymentPostprocessing = 0;
		};
/* End PBXSourcesBuildPhase section */

/* Begin PBXVariantGroup section */
		749E19082BEA8B5D00BE6555 /* LaunchScreen.storyboard */ = {
			isa = PBXVariantGroup;
			children = (
				749E19092BEA8B5D00BE6555 /* Base */,
			);
			name = LaunchScreen.storyboard;
			sourceTree = "<group>";
		};
/* End PBXVariantGroup section */

/* Begin XCBuildConfiguration section */
		749E190C2BEA8B5D00BE6555 /* Debug */ = {
			isa = XCBuildConfiguration;
			buildSettings = {
				ALWAYS_SEARCH_USER_PATHS = NO;
				ASSETCATALOG_COMPILER_GENERATE_SWIFT_ASSET_SYMBOL_EXTENSIONS = YES;
				CLANG_ANALYZER_NONNULL = YES;
				CLANG_ANALYZER_NUMBER_OBJECT_CONVERSION = YES_AGGRESSIVE;
				CLANG_CXX_LANGUAGE_STANDARD = "gnu++20";
				CLANG_ENABLE_MODULES = YES;
				CLANG_ENABLE_OBJC_ARC = YES;
				CLANG_ENABLE_OBJC_WEAK = YES;
				CLANG_WARN_BLOCK_CAPTURE_AUTORELEASING = YES;
				CLANG_WARN_BOOL_CONVERSION = YES;
				CLANG_WARN_COMMA = YES;
				CLANG_WARN_CONSTANT_CONVERSION = YES;
				CLANG_WARN_DEPRECATED_OBJC_IMPLEMENTATIONS = YES;
				CLANG_WARN_DIRECT_OBJC_ISA_USAGE = YES_ERROR;
				CLANG_WARN_DOCUMENTATION_COMMENTS = YES;
				CLANG_WARN_EMPTY_BODY = YES;
				CLANG_WARN_ENUM_CONVERSION = YES;
				CLANG_WARN_INFINITE_RECURSION = YES;
				CLANG_WARN_INT_CONVERSION = YES;
				CLANG_WARN_NON_LITERAL_NULL_CONVERSION = YES;
				CLANG_WARN_OBJC_IMPLICIT_RETAIN_SELF = YES;
				CLANG_WARN_OBJC_LITERAL_CONVERSION = YES;
				CLANG_WARN_OBJC_ROOT_CLASS = YES_ERROR;
				CLANG_WARN_QUOTED_INCLUDE_IN_FRAMEWORK_HEADER = YES;
				CLANG_WARN_RANGE_LOOP_ANALYSIS = YES;
				CLANG_WARN_STRICT_PROTOTYPES = YES;
				CLANG_WARN_SUSPICIOUS_MOVE = YES;
				CLANG_WARN_UNGUARDED_AVAILABILITY = YES_AGGRESSIVE;
				CLANG_WARN_UNREACHABLE_CODE = YES;
				CLANG_WARN__DUPLICATE_METHOD_MATCH = YES;
				COPY_PHASE_STRIP = NO;
				DEBUG_INFORMATION_FORMAT = dwarf;
				ENABLE_STRICT_OBJC_MSGSEND = YES;
				ENABLE_TESTABILITY = YES;
				ENABLE_USER_SCRIPT_SANDBOXING = YES;
				GCC_C_LANGUAGE_STANDARD = gnu17;
				GCC_DYNAMIC_NO_PIC = NO;
				GCC_NO_COMMON_BLOCKS = YES;
				GCC_OPTIMIZATION_LEVEL = 0;
				GCC_PREPROCESSOR_DEFINITIONS = (
					"DEBUG=1",
					"$(inherited)",
				);
				GCC_WARN_64_TO_32_BIT_CONVERSION = YES;
				GCC_WARN_ABOUT_RETURN_TYPE = YES_ERROR;
				GCC_WARN_UNDECLARED_SELECTOR = YES;
				GCC_WARN_UNINITIALIZED_AUTOS = YES_AGGRESSIVE;
				GCC_WARN_UNUSED_FUNCTION = YES;
				GCC_WARN_UNUSED_VARIABLE = YES;
				IPHONEOS_DEPLOYMENT_TARGET = 17.4;
				LOCALIZATION_PREFERS_STRING_CATALOGS = YES;
				MTL_ENABLE_DEBUG_INFO = INCLUDE_SOURCE;
				MTL_FAST_MATH = YES;
				ONLY_ACTIVE_ARCH = YES;
				SDKROOT = iphoneos;
				SWIFT_ACTIVE_COMPILATION_CONDITIONS = "DEBUG $(inherited)";
				SWIFT_OPTIMIZATION_LEVEL = "-Onone";
			};
			name = Debug;
		};
		749E190D2BEA8B5D00BE6555 /* Release */ = {
			isa = XCBuildConfiguration;
			buildSettings = {
				ALWAYS_SEARCH_USER_PATHS = NO;
				ASSETCATALOG_COMPILER_GENERATE_SWIFT_ASSET_SYMBOL_EXTENSIONS = YES;
				CLANG_ANALYZER_NONNULL = YES;
				CLANG_ANALYZER_NUMBER_OBJECT_CONVERSION = YES_AGGRESSIVE;
				CLANG_CXX_LANGUAGE_STANDARD = "gnu++20";
				CLANG_ENABLE_MODULES = YES;
				CLANG_ENABLE_OBJC_ARC = YES;
				CLANG_ENABLE_OBJC_WEAK = YES;
				CLANG_WARN_BLOCK_CAPTURE_AUTORELEASING = YES;
				CLANG_WARN_BOOL_CONVERSION = YES;
				CLANG_WARN_COMMA = YES;
				CLANG_WARN_CONSTANT_CONVERSION = YES;
				CLANG_WARN_DEPRECATED_OBJC_IMPLEMENTATIONS = YES;
				CLANG_WARN_DIRECT_OBJC_ISA_USAGE = YES_ERROR;
				CLANG_WARN_DOCUMENTATION_COMMENTS = YES;
				CLANG_WARN_EMPTY_BODY = YES;
				CLANG_WARN_ENUM_CONVERSION = YES;
				CLANG_WARN_INFINITE_RECURSION = YES;
				CLANG_WARN_INT_CONVERSION = YES;
				CLANG_WARN_NON_LITERAL_NULL_CONVERSION = YES;
				CLANG_WARN_OBJC_IMPLICIT_RETAIN_SELF = YES;
				CLANG_WARN_OBJC_LITERAL_CONVERSION = YES;
				CLANG_WARN_OBJC_ROOT_CLASS = YES_ERROR;
				CLANG_WARN_QUOTED_INCLUDE_IN_FRAMEWORK_HEADER = YES;
				CLANG_WARN_RANGE_LOOP_ANALYSIS = YES;
				CLANG_WARN_STRICT_PROTOTYPES = YES;
				CLANG_WARN_SUSPICIOUS_MOVE = YES;
				CLANG_WARN_UNGUARDED_AVAILABILITY = YES_AGGRESSIVE;
				CLANG_WARN_UNREACHABLE_CODE = YES;
				CLANG_WARN__DUPLICATE_METHOD_MATCH = YES;
				COPY_PHASE_STRIP = NO;
				DEBUG_INFORMATION_FORMAT = "dwarf-with-dsym";
				ENABLE_NS_ASSERTIONS = NO;
				ENABLE_STRICT_OBJC_MSGSEND = YES;
				ENABLE_USER_SCRIPT_SANDBOXING = YES;
				GCC_C_LANGUAGE_STANDARD = gnu17;
				GCC_NO_COMMON_BLOCKS = YES;
				GCC_WARN_64_TO_32_BIT_CONVERSION = YES;
				GCC_WARN_ABOUT_RETURN_TYPE = YES_ERROR;
				GCC_WARN_UNDECLARED_SELECTOR = YES;
				GCC_WARN_UNINITIALIZED_AUTOS = YES_AGGRESSIVE;
				GCC_WARN_UNUSED_FUNCTION = YES;
				GCC_WARN_UNUSED_VARIABLE = YES;
				IPHONEOS_DEPLOYMENT_TARGET = 17.4;
				LOCALIZATION_PREFERS_STRING_CATALOGS = YES;
				MTL_ENABLE_DEBUG_INFO = NO;
				MTL_FAST_MATH = YES;
				SDKROOT = iphoneos;
				SWIFT_COMPILATION_MODE = wholemodule;
				VALIDATE_PRODUCT = YES;
			};
			name = Release;
		};
		749E190F2BEA8B5D00BE6555 /* Debug */ = {
			isa = XCBuildConfiguration;
			buildSettings = {
				ASSETCATALOG_COMPILER_APPICON_NAME = AppIcon;
				ASSETCATALOG_COMPILER_GLOBAL_ACCENT_COLOR_NAME = AccentColor;
				CODE_SIGN_STYLE = Automatic;
				CURRENT_PROJECT_VERSION = 1;
				DEVELOPMENT_TEAM = CSY29TKUKT;
				GENERATE_INFOPLIST_FILE = YES;
				INFOPLIST_FILE = "Formula 1/Info.plist";
				INFOPLIST_KEY_UIApplicationSupportsIndirectInputEvents = YES;
				INFOPLIST_KEY_UILaunchStoryboardName = LaunchScreen;
				INFOPLIST_KEY_UISupportedInterfaceOrientations_iPad = "UIInterfaceOrientationPortrait UIInterfaceOrientationPortraitUpsideDown UIInterfaceOrientationLandscapeLeft UIInterfaceOrientationLandscapeRight";
				INFOPLIST_KEY_UISupportedInterfaceOrientations_iPhone = "UIInterfaceOrientationPortrait UIInterfaceOrientationLandscapeLeft UIInterfaceOrientationLandscapeRight";
				LD_RUNPATH_SEARCH_PATHS = (
					"$(inherited)",
					"@executable_path/Frameworks",
				);
				MARKETING_VERSION = 1.0;
				PRODUCT_BUNDLE_IDENTIFIER = "olyabolya.Formula-1";
				PRODUCT_NAME = "$(TARGET_NAME)";
				SWIFT_EMIT_LOC_STRINGS = YES;
				SWIFT_VERSION = 5.0;
				TARGETED_DEVICE_FAMILY = "1,2";
			};
			name = Debug;
		};
		749E19102BEA8B5D00BE6555 /* Release */ = {
			isa = XCBuildConfiguration;
			buildSettings = {
				ASSETCATALOG_COMPILER_APPICON_NAME = AppIcon;
				ASSETCATALOG_COMPILER_GLOBAL_ACCENT_COLOR_NAME = AccentColor;
				CODE_SIGN_STYLE = Automatic;
				CURRENT_PROJECT_VERSION = 1;
				DEVELOPMENT_TEAM = CSY29TKUKT;
				GENERATE_INFOPLIST_FILE = YES;
				INFOPLIST_FILE = "Formula 1/Info.plist";
				INFOPLIST_KEY_UIApplicationSupportsIndirectInputEvents = YES;
				INFOPLIST_KEY_UILaunchStoryboardName = LaunchScreen;
				INFOPLIST_KEY_UISupportedInterfaceOrientations_iPad = "UIInterfaceOrientationPortrait UIInterfaceOrientationPortraitUpsideDown UIInterfaceOrientationLandscapeLeft UIInterfaceOrientationLandscapeRight";
				INFOPLIST_KEY_UISupportedInterfaceOrientations_iPhone = "UIInterfaceOrientationPortrait UIInterfaceOrientationLandscapeLeft UIInterfaceOrientationLandscapeRight";
				LD_RUNPATH_SEARCH_PATHS = (
					"$(inherited)",
					"@executable_path/Frameworks",
				);
				MARKETING_VERSION = 1.0;
				PRODUCT_BUNDLE_IDENTIFIER = "olyabolya.Formula-1";
				PRODUCT_NAME = "$(TARGET_NAME)";
				SWIFT_EMIT_LOC_STRINGS = YES;
				SWIFT_VERSION = 5.0;
				TARGETED_DEVICE_FAMILY = "1,2";
			};
			name = Release;
		};
/* End XCBuildConfiguration section */

/* Begin XCConfigurationList section */
		749E18F52BEA8B5A00BE6555 /* Build configuration list for PBXProject "Formula 1" */ = {
			isa = XCConfigurationList;
			buildConfigurations = (
				749E190C2BEA8B5D00BE6555 /* Debug */,
				749E190D2BEA8B5D00BE6555 /* Release */,
			);
			defaultConfigurationIsVisible = 0;
			defaultConfigurationName = Release;
		};
		749E190E2BEA8B5D00BE6555 /* Build configuration list for PBXNativeTarget "Formula 1" */ = {
			isa = XCConfigurationList;
			buildConfigurations = (
				749E190F2BEA8B5D00BE6555 /* Debug */,
				749E19102BEA8B5D00BE6555 /* Release */,
			);
			defaultConfigurationIsVisible = 0;
			defaultConfigurationName = Release;
		};
/* End XCConfigurationList section */

/* Begin XCRemoteSwiftPackageReference section */
		74E17C0D2BF502F700FEDA30 /* XCRemoteSwiftPackageReference "SnapKit" */ = {
			isa = XCRemoteSwiftPackageReference;
			repositoryURL = "https://github.com/SnapKit/SnapKit";
			requirement = {
				kind = exactVersion;
				version = 5.7.1;
			};
		};
		74F06F592BF7C76800834823 /* XCRemoteSwiftPackageReference "Alamofire" */ = {
			isa = XCRemoteSwiftPackageReference;
			repositoryURL = "https://github.com/Alamofire/Alamofire";
			requirement = {
				kind = exactVersion;
				version = 5.9.1;
			};
		};
/* End XCRemoteSwiftPackageReference section */

/* Begin XCSwiftPackageProductDependency section */
		74E17C0E2BF502F700FEDA30 /* SnapKit */ = {
			isa = XCSwiftPackageProductDependency;
			package = 74E17C0D2BF502F700FEDA30 /* XCRemoteSwiftPackageReference "SnapKit" */;
			productName = SnapKit;
		};
		74E17C102BF502F700FEDA30 /* SnapKit-Dynamic */ = {
			isa = XCSwiftPackageProductDependency;
			package = 74E17C0D2BF502F700FEDA30 /* XCRemoteSwiftPackageReference "SnapKit" */;
			productName = "SnapKit-Dynamic";
		};
		74F06F5A2BF7C76800834823 /* Alamofire */ = {
			isa = XCSwiftPackageProductDependency;
			package = 74F06F592BF7C76800834823 /* XCRemoteSwiftPackageReference "Alamofire" */;
			productName = Alamofire;
		};
		74F06F5C2BF7C76800834823 /* AlamofireDynamic */ = {
			isa = XCSwiftPackageProductDependency;
			package = 74F06F592BF7C76800834823 /* XCRemoteSwiftPackageReference "Alamofire" */;
			productName = AlamofireDynamic;
		};
/* End XCSwiftPackageProductDependency section */
	};
	rootObject = 749E18F22BEA8B5A00BE6555 /* Project object */;
}
